["Twilight Princess"]
"0.2.3" = "028c506f4c30f4896e1f381663ed73c0e7fc20c08604a0e0f78018012f371494"
"0.3.0" = "77c8ccca3da7b040b94a7c8b4c68dc5234556dbc1c5b51f65afc19655f6d00ab"

[air_delivery]
"0.1.5" = "ae2acaa7d37060205d6b97d19b16e2451b2b3d6ce7b818f612390b22f82e618c"
"0.1.6" = "4b636da4fe0fdeba1ec2c3c5597471c01e1fc462bc192a4d61c0dd9746163129"

[animal_well]
"0.4.2" = "ae06f227477604e6a356154bc8faeb453b4e60c7f17363c5590093db398acf2a"
"0.5.0" = "7cbdf65ae6ca1d5e843f3c6b16baf4d3ec61d11c2d497df8cc3b62245a4919d9"
"0.5.2" = "e07cba44f1715fc1d122484ea0ee8eaec218d04af00dabd4cedcd9dade693f8b"
"0.5.3" = "0ec271eed3dd9b3211aa69ed55a2c508c9bafc7be3e70a7065fb7108446c53c7"

[anodyne]
"0.3.1" = "a66fb2ad8f35d5de0c1eea40ebaaefad828a14fa949b5c6fd0a07b212f1df558"

[another_crab]
"0.3.1" = "72fffb50d83589181eba3adf4ad7c7325cd751fd0f606bc88135b7cbddc96c8e"
"0.4.0" = "e91580200e46ef8946e55db1191688e6909a8b98edde8647f22509785823794b"
"0.4.2" = "e91580200e46ef8946e55db1191688e6909a8b98edde8647f22509785823794b"
"0.4.3" = "38875d9672853a3772149260fd7c49686ad0d48ebc9befa73ef0eecd4e9f21a8"
"0.4.4" = "38875d9672853a3772149260fd7c49686ad0d48ebc9befa73ef0eecd4e9f21a8"

[ape_escape_3]
"1.0.60" = "1354219fee3bfa1078e17d2dc6fa6ee7bc7138d1721cb5bd9f6295d9e0153895"
"1.0.70" = "360b7540c92ae340df033865873a5cfe1d3c94d7f4e6e9828600193bd5daa2f8"
"1.0.71" = "73dd872742962d98d8fe170599c01012bfad1d7a1e6f7e698da0ccd1e1f34bd1"
"1.0.80-exp" = "bd8b10d4ca4c0f719383c6c6d42fb1c4ebdb13b5823ced4df322453dbe531ebb"

[apeescape]
"0.8.5" = "43ad73f03f05022f17a8a4c913be175846e33b33b95beeec13df88ed07455ab6"
"0.8.7" = "cf888d4a20e80e2537933e25a0db93f22bd6b69b1bf1ab08ffde7a35b89fb298"
"0.8.8" = "c39d1f250735439acfad96450ba7ed1f1c56c86aa5d00c4aa98c1a29f531d056"
"0.8.9" = "9f3ba05df6615f13d3655f74ff7c49416ed05eb245002afc177505dcd29c9703"
"0.9.0-a" = "334c5c023be3971fddc1d667bd78af2e171034e4e1eff3abe8440aa72e20f3a2"

[apgo]
"0.5.0" = "54494fb34b7f25169747ecf567cca998d946cb0a5bf626fd342c5fbe897c047e"
"0.5.2" = "54494fb34b7f25169747ecf567cca998d946cb0a5bf626fd342c5fbe897c047e"
"0.5.3" = "5dfcfc2e5feea3406eeaffdb41770e2312cb5e717911ba9a487ed9e83822cb24"
"0.6.0" = "5dfcfc2e5feea3406eeaffdb41770e2312cb5e717911ba9a487ed9e83822cb24"
"0.6.2" = "05554df37e269ecde040ffe20ec16f735a6492af28471185511fa967506370a1"

[astalon]
"0.17.0" = "b86e7d5e6ee58648b7b3e4cfc1931bb47af8d2e716da113dd23de96cc56bb949"
"0.18.2" = "743f87f44c2be5ce65effb277aa5d691b9f84e73dcefcdfa1b2a4e0a3a17bc12"
"0.21.2" = "fad33ed48c67ef95bcb2d47bb25cdbbd22df08e59e0836e64a1963327ae7a7f0"
"0.23.1" = "5ed40c36478592b0ed6d4020821b4735a698241c771490768e88b5b7717ac78d"
"0.24.0-rc3" = "6ca86ef18475f0792b0ade026cc665de050abac0c9feab3d52e062b4956a0429"
"0.24.0" = "f6b9baa636e91b8e40651146ecd505b7e7898d2ee6f1e948e9f3c8bb296bac36"
"0.24.1" = "be7e9a440fc8d3342c811cba5fefcb7aa5823a6d30bce19238bbbf7a529aa766"

[aus]
"1.0.0-beta" = "b8ad181425b59fc83c4cd6525c3b860e2cb554ab45d4f3b887c78d20f686259e"
"1.1.0-beta" = "727548d83eac4fce58370b62825739c6c8c2f881d6955bd3fc48320315815075"

[autopelago]
"0.7.3" = "eab928d3f7e149c38ab65be7a2825da572079113958a227dd1e9949dc9c716de"
"0.8.0" = "fbb0600a8fff5ebdd82eb7eb01f1b241083e49cded40b63981d1ba10147a2fef"
"0.9.0" = "6978524f935a34f0598e2304094e0559f712c59a3fa9d7bb6b1bfda8cbaaba3a"
"0.10.0" = "f16f62787cfdcb2fe3e217f2d6378a64046d239c521dc95b0a4c40abe7fd7002"
"0.10.3" = "d3b91745b3bfb163ef7bf03d5cba7771e306e251df73748d4365ac8fa18d8ba0"
"0.10.4" = "d3b91745b3bfb163ef7bf03d5cba7771e306e251df73748d4365ac8fa18d8ba0"

[banjo_tooie]
"4.5.1" = "d083caef4fb002633cc40dbf32479b4428752048b0c4be9714bd947b1132c2bc"

[brotato]
"0.8.0" = "c7f3437f56f2a98e60164d2b8785e610df00a9fa269fe1c2773d0a1c38187080"
"0.8.1" = "309504945b9fa66e62c85cb0a92cdbe179221079514f68c69b4f0c984e10094a"
"0.8.2" = "c8904ebdce49fa71e9bede3da92995c196f1f01a3a4792feaefd0f49fad68bf8"
"0.10.0" = "d455edc2261ddafeaea3e55d08c0a96d25b32778fd2bcdea3424f308e3d34659"
"0.10.1" = "5271b5c13fd5e319ce383f9bac0977137c85e5a602dfde95383952c84d489aae"

[candybox2]
"0.1.0+20250409-1" = "ad74741ed548c313c725166e7ada06c29795dc09e3a12f2de919bf0b1128a94f"

[cat_quest]
"0.2.3-alpha" = "40110e0856f226a57982b505e4cbdbdf0c3c2dc886c38547dd3e95140575c08d"

[cave_story]
"0.4.1" = "325bb747691d4d0266298c08746897051d210b79fde3dc4cbf00194b7daa936a"
"0.5.0" = "eb13ce47886613cb3355a313a6e0c5a22126b127b5d56e84b2f7a405510b80c2"

[cavesofqud]
"0.7.0" = "5a79666c70bd05610059043d039c88c1db91bef58e94893fac95399344b05700"

[celeste_open_world]
"1.0.0" = "26bf721a20d5eb01b7f1a987fdd0d97981f2d490b5a7647ec113db6a82bb8d42"
"1.0.1" = "382b297aaad2736848947b829a75d6a01cea528a9dbdc8605fbcb1028ee542a0"
"1.0.3" = "5f731f67f4f3138cc5807ff420d5fc0f34f001338fd898496785790603b27f01"
"1.0.4" = "e0e3ac11bc61413bf6c95bffb010c6bacad75abb71e907eb6d03eaddac36110a"

[checksmate]
"0.3.1" = "04dfae6f87e3eaa24692a5dbf488cf5d8387e76f4419720a2248b21ef2b5f18b"

[civv]
"0.6.1" = "790246b0885c68f348a6e2cb84b90d5707d97073dfb10a3807101bd244c560a2"
"0.6.2" = "e4c40929323c728684c3cbfa7db11693a9f3a1b3fef1287d8e98fa24a3a0e003"
"0.6.3" = "e6af3903b6c5014e99cfc1e27e2b63bb579ae46e5bf21ccc5dc59ee3970c7b5d"

[crystal_project]
"0.7.0" = "0eefbbcd79b57dd03fcec98f733a82e0a39e6f037b086f3838b52e95982ccbf1"
"0.9.0" = "5214c9e8c72e47fd65ba9d22357427b09042401cef98845fda2bf03fd3c5b905"

[cuphead]
"0.0.2-alpha+b" = "82408fec48204c076175d6711bae5c204b516bb087a955864f9324ed737d94da"

[cvhodis]
"0.2.0-hf" = "11dc53479aa7abd3eea99a1974c04ec0194b5eebd4416f741804a7a03a4cf0ff"

[dark_souls_2]
"0.5.5" = "17aa8796be253157ad931543421ffca2b9ec4469bcde571945b59b9e90374dee"

[diddy_kong_racing]
"0.3.1" = "c928b1c54773c8d5c3fa4f58585ca7e388c6761491a12d86bc9f7171a0498a94"
"0.5.2" = "61ceb7ab80fc453d5cba639a38b3bb8e50ef0954d37b9a55318104b159e9fba0"
"0.6.1" = "826430814dd9ab5e17eb691cbb8c7879b6e9186741bc409822af156912dde66e"

[dkc2]
"2.0.0+patch1" = "daebfae9ffba08246e868cd6d92e08cf6772d31942636449adee47f6a66a7f53"
"2.2.0" = "80c8ea30bee25af8cd813bb604692c5903cb0d10965c3524c6cf9b472b5daa98"

[dome_keeper]
"1.1.4" = "8c28e36f34d0f4eca538527a853430a65fb0434c8375ba747241c52bd42a53ae"
"1.2.0" = "2d75e9aa3f34e8f4cdfc310e680b71f0600efbf9d78410ee6b7e7b4379524e69"
"1.3.0" = "70aa611d69ddc12d161d27f0778ad620de6b906c34eb0581afdd42753a77eec1"

[doronko_wanko]
"0.3.0" = "6d7447ea7c9076ba1f815abd1c1cbb722aa594ceaca9823b72d9ea822bb7b358"
"0.3.1" = "4b5fa9f5d1d35b847fdfea3d7e60207b75d3cc0077efce456eceffe723a8313f"
"0.3.2" = "4b5fa9f5d1d35b847fdfea3d7e60207b75d3cc0077efce456eceffe723a8313f"

[earthbound]
"4.2.1" = "8a5acf5f117a4b0c9c5d29ed8853e32b9245fe2a3856e0b58684ef41604e53fa"
"4.2.5" = "ed2ea9ee57071148db1fe3a7ec7219b3a0ac47627b6e0606fbb7558ab32b9c77"

[enderlilies]
"0.8.0" = "58271963b8ef318a934a27bec3f11cb34217614e2414a1596dd3a116027b6480"

[fe8]
"0.3.2" = "e1c9b35c2949267367870c64a8cb1a33f614d8f78311028b91944c4a0ba4f2e9"
"0.3.3-rc1" = "e1c9b35c2949267367870c64a8cb1a33f614d8f78311028b91944c4a0ba4f2e9"
"0.4.0-rc2" = "289b1c9c1dd96b2f128497d115074b2e599eb9dbdd9247f36ddee62a8ce8f96a"

[ff12_open_world]
"0.5.3" = "aa3ce831e4bd0a01f702ebee72568b18458f2400e9a7da83720365d5d7572765"

[ffxiitm]
"0.0.9" = "1a8cc2ffbc20f8957a8e3f004266815a41dfa2c9a0cce7e9d71104fd42b77b2f"

[ffxiv]
"0.22.0" = "965a9ee9653b6cd3a72c72655e07afba9dcb717308881b6ce8e7168cf97bd733"

[fm]
"2.1.1" = "7581be15a6281b23db79ff1a54db034c1ddb7e2568b1d3898756e98ee41e8cf6"

[fnafw]
"0.0.3" = "83acad43401cf4abc31eceaff657f8f7ef6651de7fb31bda9e17e84d8b0176f2"

[frogmonster]
"0.2.1" = "dc57b6e4b38a1c5533f43fec7a5e492e30065f1495e2baa43a9ef04111c2fac9"

[gl]
"1.7.1" = "edf6eed960fa11bf3da975cb529c656067bc1ee09b85aeba529e1a00ddb17b64"

[grim_dawn]
"0.1.5" = "3d4ad4fdea380bc889a8f8531b124c62596fe4e3363f5cc576fa7582105495e9"
"0.2.0" = "272fb203e264f16bd3a178245b579b13342145e453de4fae56bbbbe15c009ba4"

[grinch]
"1.0.2" = "e545463e85d91d012e667835d4930a2ab5c3e32868891dc9897bb80552809717"
"1.0.3" = "2781e04a28e37333fff77cf01cdf9fe671b99307e4d0bed6eab7bceb00333b09"
"1.1.2" = "40f86cf9d2525299acd6ade51b0bb78b15031adbdde1af7db0528db388154adf"

[gstla]
"0.1.1-alpha" = "d5b7efa244c177c568df5780be608968e312c1443bf487b778c5a6c18eaa7ba9"
"0.1.2-alpha" = "c0cb1c16a22e47486c5788b259e604e2ff4535dee74f4fdca9db5f10d39007b4"
"0.1.3-alpha" = "bbd8b546f930f5ea913b73a5ce2506cdf8dbfbec516235cac32876dc6687dd2a"
"0.1.4-alpha" = "a7d73b51c3964b12aede999d84a991813c7078f8e4276c09c771efdae2aded10"
"0.2.1-beta" = "23290cdd2ced7e1a075b75b2396ead96baffb4c1a2a8f957eb99a30153137536"

[hades]
"0.13.2" = "c11a61101c1c1edb9d060de1cfdbc1a99db88c1aa74ddac2dc3f21fdb8f22ae3"

[hcniko]
"0.6.0" = "6d3082732461745ac3e2f12f1b0d2057e42f54f16c8a921eb06468d2871841d1"
"0.7.1" = "10ae8383438493def45f7cf28d5956829fd41d42c074db7bf6b8e504dee8e6ed"
"0.7.2" = "c37bc947105da498deabbe04681f3de3cf49e141888682c566c7941a3c00ee81"
"0.7.4" = "e2d2a437d32e65d12a84c5e591f1b038541503e9e713604591ddd988c034fa3a"
"0.7.5" = "58174850ff6abac660a1a7b2deccadf38ee4b5735f0b517387a0b70d392483de"
"0.7.7" = "3d031922701e4ef0602ebdaeaeedc0dae79cb0aedb87b9417a32849ae7d8cef5"

[holo8]
"0.2.0-alpha" = "f329ab1ce83c3b5777b982881f4dd5a830c63a3057771d6c96c67282ceedc269"
"0.2.1-alpha" = "3bdc5043308838cfa2ccf972a314afdd97cc1f4399b0bbe614a91bbb7ea60feb"
"0.2.2-alpha" = "c87141e092868afc53e77884944ea50e1d0da0b5089f5411efa970d89f156fbd"

[iji]
"1.1.3" = "9f1e96969342ca6f3a531eceb2d1da61bda2cb99147a802a21320a16a9f0dc4e"
"1.1.4" = "1a4077211b3d0c2f5035f1ce4fff8cb84dcf4e02ecbd44994856b30af3a591f5"

[into_the_breach]
"0.15.15" = "9f1777dcb1400e5d7d36aa92a71c23d75f3e9425c3bf1defd8b475325ad4de2a"

[ittle_dew_2]
"0.2.1+region-gates" = "a581bab68d122a6810dbb7e77901055fccc2b1850326f4af9d39f96ea2dc49fb"
"0.3.0" = "33e427e512a7548665b9b1a2bbfc9dde6d9f104a53d9d757179c2eac877b7df0"

[jigsaw]
"0.7.0" = "9fa936de461d2d88c0811d2a03a7dca008cfbf2588e338f62fd120731727502b"
"0.7.1" = "4f533454a149c762b7c5f74417409d5e727c8beb801ec90da661b8873126c725"
"0.7.2" = "ba60f1031fc7a48a3cc1df529219ac3c7f89e6fddaa41dba5c19a8f053b48ba1"
"0.8.0" = "0b02af5fd4cad6e95f0ea9176ddcd3a6999884363dfce1b91db4996af4080c6d"

[k64]
"0.2.2" = "06b98573104870ebe174c08f2765fb06b28fb0d38eb628490ec37eca66dde05a"

[keymasters_keep]
"0.2.0+silasarybundle" = "c3e5bd82786efdc789011695bc82c7aa1a72db19b982abedf949073dea36c39d"

[khbbs]
"0.1.3" = "449371b4e7a0ec2ff2b31dad3620deb6255449b18fe12ea323d4ff69039e7364"
"0.1.6" = "ed330ef28fba522222c31898205748714735f26dbcdb13bc526df7f664827d8e"

[khcom]
"1.0.0" = "c9631cccbb526b9db335e308b1275f1ccea24a88e883ccf948d99396643f6c7f"
"1.0.1" = "0c30e91918206d2835a45a2ca4f5f55cbfddff672b3a54448cc3b710693b2196"

[khrecom]
"1.4.2" = "41fc01fc7231353f17dfdea9451a5e29846d3429a88349c8762fa23f798ba910"

[kss]
"0.0.4" = "f5f522f91f9225afab71c1cfed3df5e80da6ff03d2d177d3ac9cdee8085c284d"
"0.1.1" = "4a3983c5f16a5e0830b5f47e6abceb7ff04aa73eaae88b3828c20fa9e8b8a42b"
"0.1.2" = "c370859170654212ae796c67315eb1490813baecd82a52cab0f28efe6bca4821"
"0.1.4" = "666a59571423defc9bf0701a620cad520ad3cdcef1803838e2eefe2739cd456e"

[ktane]
"0.2.0" = "4f6047675e67625ac7501161e030a7aa0701b9768a24aa681b10c17b5b1e4ec9"

[ladx_beta]
"0.5.1+beta-10.2" = "13885df85a2263e2eddd4094170523ff4e8e7ef2657604828ec29e1b4d48b2fa"
"0.5.1+beta-11.0" = "0a91e2b1f76faa0d95fa8deda8615e8afd6abf59f5c1290628020c423de7a997"
"0.5.1+beta-11.6" = "3d6c5c9cf9cbc3a37649ad8710588dcb8cd53d080e8f90418747dda449db7dd1"
"0.6.1+12.0-alpha1" = "918b21d0a5e5cbadd27b35a63f503e8f3be42eb04db850c84f42a2cb17d3fd90"

[lego_star_wars_tcs]
"1.0.1" = "67ebf37004301c555e1a05187f47288c47159d16ac8ed745e3978bbf02c8de24"
"1.1.3" = "5df9c6c19550fe8da51a988dc0533c349c4006246415763950d9719b28d1f05e"

[lethal_company]
"0.6.9-beta" = "91aa53279b56ea25eb0d1d967075811e473d411931ba31ccecdcd4a7d2ae44b3"
"0.6.13-beta" = "a4e35bb818836eb99059db8641f423b3adc1e3445f7215f011bdb38bdab2ce80"
"0.7.1-beta" = "d3fa1968358a28f5deb5b07b4a87be69c58906b452edf289d64c5b8008d4e4d3"

[lil_gator_game]
"1.0.1" = "6e1250a5915ac1f8a0530e0adcd5d44e8c8dd7fef307ef4db06dd25e3426fb3b"
"1.0.2" = "57d0554571646cffdddd8e1dc991550e0b7bf7a5ed8205a227f691e856f84884"
"1.0.6" = "0fea9448fc3b50f71bccb3190b1e7b21429e6c627a60413b2c0fb77e7f7614de"
"1.1.1" = "70c6009132d54962a810ba9aaeefb9c7cc5584ac38005202f45d15fa7845aba9"

[little_witch_nobeta]
"0.1.4" = "e456990ea16324e296e0193eb0fccc670c95f94a1ca0744333f786e9104ca694"
"0.1.5-alpha" = "e456990ea16324e296e0193eb0fccc670c95f94a1ca0744333f786e9104ca694"

[luigismansion]
"0.4.9" = "76ddcd0759f7b86092f6c9998cf6ac2af339de78efe353c24e7f7a91758182c3"
"0.4.10" = "6fb240162af6ed1c33a0f2e1e5396f63de4230753424e373cdd7ebc0e4c58d97"
"0.5.1" = "166401192fd36e62ceedc67e1332e1243f3d8045c2484a5269943573b97e019f"
"0.5.2" = "6df54f849e87ac829793eb3d988cf15080fd9381861cfd6ceeee343278e77dbf"
"0.5.4" = "54b3f751910db883c8b176d64c922797e27c9db053931d8faf7db423ed4977bd"

[lunacid]
"0.8.13" = "cdc62e8c6db758ddf507a67875fff4ab6707fe00e033202ad417e2e2597388c5"
"0.8.14" = "2c0707ce0ee9efd6049913186dd4d98b24a4aced08fc201f61bca7049911dddd"
"0.9.7" = "fd524f99166a10eaf811a2169dad28de0b9159e85c493971bf874e89a59a0de6"

[manual_EuroTruckSim2_bdi]
"0.0.3" = "bdb473c957f79a5f2b9991e323057f0f2b49348677e4908844c207224fb0fc74"

[manual_PLA_miro]
"1.1.1" = "3e97b67a0a0111b7fc445e7fbe3b193038ef1c7562451e2010a447ce75852abd"

[manual_battleblocktheater_commanderdot]
"1.0.0" = "a969353846e0f408be83e5ac433d0e7c32da52a91dfc1475a4c0e1386dcfbcb5"

[manual_betrayal_axxroy]
"0.0.2" = "324baa6a67fd10404f6ebd0eeff44eff7d2817b71048d11ced2bfe9c42631128"

[manual_bo6libertyfalls_delcatty16]
"0.0.1" = "aaec0e7e1a2c43b2042e56c7ebc7ac19bcc2dddce68d7476c3f2e2c44900ff21"

[manual_clubhousegames51_buck]
"0.0.1" = "f02cf8e317c7167d8d2c7e276cd53d8dc2ce62b1a7764bc401db54f8eb98c33f"

[manual_cookservedelicious3_farren]
"1.0.1" = "bbde34b9fff9f55db4d431fb31054823f8bdca49958e9b1999c362bdf8479ab7"

[manual_diddykongracing_decoytroy]
"0.0.1" = "a1ae9a26d2fadd6bc8d94f7e25f60fe9679e969b12025260082f1b32e9a107fd"

[manual_donaldduckquackattack_1313e]
"0.0.2" = "b5e2f8342d6866e2e73ed0280b71cc94e2d46c40adc68e1162f2eb6e92c64046"

[manual_epicuniversewandmagic_tornadowizard]
"1.0.0" = "e9fefaa36ffd63dc0459b8b34ca5fe95869ab59941cf9c8c7481ff1f5d88fe37"

[manual_ets2_dopin]
"0.1.0" = "1a83ff1facfbed399ac16ddeee0e2afda82449946ccac9b486bbf9d711bad8ee"
"0.1.1" = "a56d89d6fb41eff08d874763f8128c217b305cbcf4cc003f20fbaee1510052ba"
"1.0.0" = "33c2a9c32e9cddb2437613f5a597dd3d547d6d731c75ea875a236e0abc35d72f"

[manual_ffdissidia_silasary]
"0.0.3" = "0834dac93007298b6af3f300195f59ead483f0cdbc7b67d315fd4fdfc42cde3e"

[manual_ffxivpotd_goomboss]
"0.0.1-dopin" = "79d47581e7ee06a2d929671463d61c40efbc6a04579e44fb9887aebe53d461d0"

[manual_guitarhero2_nyvgf]
"0.0.2+zeenobae" = "988a61243dbe3c3237e1485c9ccfe18413008494acc8c92ac749e4beaea218c4"

[manual_guitarhero3_garbo]
"1.3.0" = "1e4e8363fff09ddc72e2e1df2061a516d983f279a617308054e94613b69f6e87"

[manual_jumpultimatestars_pizzaking405]
"3.5.0" = "740c1271d7985b989b63db63329ee56946ba389f1df6273831c6923ef4cd6e7c"
"4.0.0" = "eface57a3975f398ed7dc24aa448810fef9299148c0da0f44da96b96df5f8609"

[manual_ktanecenturion_awesome7285]
"0.1.2+repacked" = "ce931eabc471ad5768dcd5fa07fe34f1fb13fefa5721a670db9158b75d183a06"

[manual_legorockband_gwaf]
"0.0.1" = "35deb46eb3113762a56890fd630f999b351a62912230fcb697a6a42a9d985442"

[manual_mariokartds_xanderoni]
"0.0.2" = "473940c6b72d6946779772650f69c4879e70aefe834649c97a113c1e7d3ecdbc"

[manual_mkwii_magnetico]
"0.0.1+magnetico" = "731b011dd0c6efbcb01851fd8d4653c1a06dd7ae5828aa596e4bb7ac927e80f6"

[manual_mmxlcxchalllenge_pizzaking405]
"2.1.0" = "51b4f252a29482e077930d5233fceb151f55910ca7156e1a193bc893f39e3b79"

[manual_monsterhunterworld_panic]
"0.0.2" = "4030433caf12c318ece252fc0771fa713d37957c07e55fdbb3054312a48e512b"

[manual_newsupermariobroswii_zuils]
"0.0.1" = "a53dec92cead6ad890c751c2efeca872135cdf7b6d14fbb2d50e20fa3f0930b3"

[manual_nightmarekart_lolz]
"0.0.2" = "d6f0b22d50d6f585c4dcb1456b64c9e3081da34e5797bb4636742c62ee9ec36d"

[manual_onedeckdungeon_vertlizard]
"0.0.1" = "e13275a399003b7f209795db168460e627b1e9161f3c15ec34ec2031ddc30e60"

[manual_pizzatower_steph]
"0.0.4" = "31deb36c5276045127a0b8b693b57c86088f86216d2f77555a1379fa4747f2d8"

[manual_platinumbattlezone_linneus]
"1.0.3" = "52910a59863a708b925e8ad3c1d78ad8bf1dcd9fc90df3eece192d3fe26295ed"

[manual_pokemonbw_snifit]
"0.0.1" = "d43c7d9aa2e3807de76ca30d88c898940b27b90e7ebc35233835aee9bb831f18"
"0.0.2" = "a7f41f5ce9c8323a1c3d3591413a86417d41564e30e66e183ef580d22ce93967"
"1.0.0" = "bafde7b5a786f20fca45041ae9b9616e853eb746dd9f12c2a1b710b2627eb1e3"
"2.0.0" = "6cad0ee1a06b6a72bb310828a2929765449fe75f268c223c62b40cd0207f82a8"

[manual_pokemonplatinum_linneus]
"2.1.0" = "3e005fae863119b4e4074d864d926e0ca9c297d90f01f3c125a7f8ef5356a1ed"
"2.2.1" = "a0b6947cace88c27d6adbda6389c8f53ca2336bc3e7ea24b1a10f7f7b77c2d7b"
"2.3.0" = "f695c5a1960425934493b64d458ca3e9512eae2972ce7c466c46f488821851c6"
"2.4.1" = "70b921cc4eb76a16f3340bb3411fda257966d2fc61a2b16e802dfc2bedb2f8a1"

[manual_pokemonsnap_alirobotnik]
"1.3.1" = "a04ac31c69c100ad2b3bbae30b29ddd8ea5f70535f908ce869c16c3becb809e1"
"1.3.2" = "55acecf0495035eef83c8ffb45803d3f7c8d0cca78e968e9f5c0a6abb64f3236"

[manual_powerwashsimulator_hallojasper]
"0.1.7" = "c486bd01c1708ea0fc68ef4698e65be40871ba425e9563cfe84adf22b3aebcac"
"0.1.8" = "bcf7b859183c060804e013db08e1d583004657f3bf68c173ac182b1921699f63"
"0.2.0" = "d182192e3398248c6e995317ed9955c4823f6960fe6e08e0575dc405ffbc1a4f"

[manual_residentevil4_vincentssin]
"1.2.0" = "32cd43f28716c3160bcf2644137be96ae97510806fdcacd91d37ca5e62ef593c"
"2.0.0+hotfix1" = "88619e3d9f76e2e07c8fc1941b8ed18cf3063b4fa47d2ca7846137a2df4ad611"

[manual_rhythmdoctor_crimsondestroyer]
"0.0.1" = "e318b20cf34dc653d6c11e900bf036e3e2c5f2e11c41957dd0737861b6cfbf60"

[manual_robloxforsaken_cocobird24]
"0.0.2" = "ad18e6b3243acf8be47a490e07a6687f48eb89c5cac2aea5ff97dfe2542d5d45"
"0.0.3" = "ffc9fb1322c2c5295073895bafdf50705700b044fd6f3dbff44c35f472c866be"
"0.0.4" = "517197dc985ad805eb34e02c78725006473733bd339d3165ef2eb29affc22ff1"

[manual_silenthillspt_theagentofchaos]
"0.0.1" = "25a2127e8f752ca8521540f554d8509cfb83941cdfec996e1ea8177743861915"

[manual_slimerancher_axxroy]
"0.1.1" = "7187866d4c3f2cb0f2f854e03f911b80ae08242dc9ecf6e84752b6fab873303f"
"0.1.2-a" = "caf296a4dd72c7e85e27704acf522f462a584584e2efee2b197d17f3c971c86f"

[manual_sonicxshadowgenerations_flutterrazzo]
"0.0.1" = "3b39c547933e0b0ac92558d14141effdd366fc501d14c698ba2c14f6c8ec3264"

[manual_spyrothedragon_muffinjets]
"0.0.3" = "5212be7aeda14bbe21bc011326e4b9aa684113f384b0352a9b26fcecbc7c59c4"

[manual_ssbmslippi_delta]
"0.0.2" = "e488fa742968d11f3574d0f9554a5672fdda7a1264cd6faeb012c52dea7c46c7"

[manual_stray_arnold0]
"0.0.2" = "6823973610228f7245705e9cf00cab5d479cd8b00924af429d88ace0faad8a69"

[manual_teamfortress2_gp]
"0.0.1" = "9f662512b775d3559db074aed5ee54d9c7a5b119ac1ff82f757d0d81a498fe4b"

[manual_tmnf_dopin]
"0.0.1" = "391f726448619aa1882bff5528e6b693fbdfde41d7ad216dc30818d45bea8f52"

[manual_ultimatemarvelvscapcom3_manualteam]
"0.0.0+20241119" = "97f54af5e3a1ba9a1f89d3ee1b4de85f91e8a9d8ab942fbf10a29d2e4a9f3b3d"
"0.0.0+20250714" = "f2c40951b66351d2df6fa33a6ba363a4071c0b634b7c50742df1c8f67a9d47d4"

[manual_umamusumeprettyderby_quindo]
"0.0.2" = "a1856f9c960cf2c88fe3f3c8483ed886290650b9e05c4b0ece00a5056bcd685b"

[manual_worldofwarcraftdungeons_chakraa]
"2025.2.13" = "04a37b652c28a8001f24f35b66f54350051d84e0cabd68d29a5686e48ae4f766"

[mario_kart_double_dash]
"0.1.1" = "de5c63ed2fe94362e00e5a36e2f74a4270fe6c370e73efa03dbaa03fe50904a9"
"0.1.1+fantanoice1" = "6c5575188e0a0d4f106489b47b2a1655a711cd6097b12156f14697e63c5bd0f5"
"0.2.1" = "52553be1df2ae8e5804ee899571b320e057eff5d31d7e9dcd088300cb9a13e4b"

[megamix]
"1.2.0-beta-unofficial" = "dd3015c268c9dde4f7d8f6c625f8959e4325c5bb5d58e201a84f727cea30777b"
"1.2.0-beta2-unofficial" = "840cf910dd2ac25132e8817a4e1d8fdf9b53b930219b9b220a112ab4def61cf4"
"1.2.0-beta3-unofficial" = "55d119cf1529b6a61e6646a1ab2984fa3870afcbba1fadb9d862cc5c9e27b958"

[metrocubevania]
"0.2.0-beta" = "ba52e82d88e501f1d13839a111c5bc649c5c3796c7f19e6aea4ab7da6ab0ab24"

[metroidprime]
"0.5.0" = "6eacc986f6aef0e3270a0269c18b308662d6b6dbde39b539e7741e7a3045e876"

[minishoot]
"0.4.2" = "5c7ef25801a0018ce421206e7089b8bd424ee726df7964cd502a58040ac0ef3d"

[minit]
"0.6.4" = "ab182f0f1ed91356368f03792090f8face00161a80f41cf337a0a817ce0dfe63"
"0.6.6" = "7ff43407acfc1eedbb4df4113ec3c713ba1d4cc5e2b24a5bbb3464f6f0d4faef"
"0.6.8" = "a715e151a347f4a1018b3ab90026e8f1b03ad6ad3417a0b1dd718d358d9a7f4c"
"0.6.9" = "bfed2366e3b8fa81f4f4f4f3afd2ed129a69a442036e7d5ef36bd16ee4472a29"

[mm3]
"0.1.3" = "8a500f35cd10d327defb57a1c50941c4528dc87051b7f10244d96aede0759e07"

[mmx]
"1.4.0" = "c431b44732d38c9f713a0aa7f6e5bed9369ea5e1ac16e58e70b277e0b9d5f986"
"1.5.0" = "e3d8888fe18d0b17abafdf8e3825e8be0aa6d70bb92bf61071e8c99cab2312b7"

[mmx2]
"1.1.1" = "7179764f528b90963a61759169e236d2aa7253213ded74dae1d13971909cc1fe"
"1.2.0" = "5a898794c6c943151cf25b6804437dbc016392d647bccacfd35fa2531a259cde"

[mmx3]
"1.2.1" = "03970084642bdbfa8348768ea9c84aa1fa36e863282a4b557067503bd898f49e"
"1.4.0" = "22dd531ba5264d4ec27e0de6c831ae5fb31424763d8bc3621c4b1d848729fd6b"
"1.5.0" = "332ac395a7ca89f4f227753e49ccfe25fed69978d781764af41d836a6c7ba2c4"

[monster_sanctuary]
"1.2.0" = "d308953b34c92e9825ee6753548bbf0d021b5c96c2d1a862d2202323d60a99e8"
"1.2.1" = "0f0581f1ab620fab5a871065a6f7d6951067a17b3bc75465c4fd82162e2c8eb0"
"1.3.0" = "f0106a797ffc4cbde0af27806077061c4d5853c07534434b1a33aeab79991f61"
"1.3.2+hotfix1" = "bdc17aa822b7a0bffb7b5b29c6565c60095285e678b1bbc52fe4a7143266bc63"
"1.3.4" = "4c882ccf5b708bbceb0521553f1663596547fdf15a84beb3256ba3b490445b05"
"1.3.5" = "11dbe655f14e33261a69153b26dc1d891035fc8cfa9db9b9411a44b750558fcc"
"1.3.6" = "99541de21ab863fc20a66ba1f7635b34cdad34202abe3b5bc6c8d4b23389bb2e"

[mzm]
"0.1.2" = "9bd2e017ecab52d373196161033be8287c58af9ffef9520c9c7ffabb22d703cb"
"0.2.0" = "8c8a494d17b569f76100f5f4e95a200fed71eb5bc787493b669742aa2da5c71d"
"0.2.3" = "7afdddb1c8880ea7a0a5656da7be64aa233c2e0d0426cbf76fd82c5052e7b74b"
"0.3.0" = "2dd9546d0053e54f14eb2f4b3cb5b43a25bd42953f6563a7aa7e7011eb489c59"
"0.3.1" = "b7b05ab1cca07515f84549bad5de5585286d89bca03d011a59ec391c965c37b9"

[nine_sols]
"0.1.1" = "b67b6b20303ef36ed3d9dbe607a003b3ca6f4c37aca9dfbdd67c370b406377df"
"0.1.4" = "6411ad5f4e1535a6437172ff06f464b82cc52575e3b7635f091eba6ac1324f4f"

[no100f]
"1.2.0" = "e296b66ce768ec3460731221ec07a1ba6fe2da61e6f3990ce94e552a970c2360"

[noita-killsanity]
"0.9.3" = "67265b19f31e06d870ed54e301776c2c28223e1f87bfca60995d5dd62585840a"

[openrct2]
"0.1.19-beta" = "deb757fccc0887fb94a5dcb28364a96183644ef23cf528650f48eae34b1b16a7"

[oribf]
"0.3.3-alpha" = "44d1d8779bf9f90a4fc506d487a3b04f422bd7d745a6834217a8397249f2b05e"

[osu]
"1.1.1-beta" = "928d4aee987a62b3f69db156e04ded92800002f87b9f9b27dbff5cca1a6a2e62"
"1.2.0-beta" = "26710280b84a9b22bbbba6984d5ebdcc074bdffe1a193af35d403d1e3163a9db"
"1.2.4" = "e031be3651ef2e7af1c392cb895a01706bead0b21e03efa7814b3721ba980f72"
"1.3.0-beta" = "19c0ac00179e4d266d278a0a985d5d08175f5daba3f69c8f02a4fe186ebeb343"

[outer_wilds]
"0.3.6" = "fe4ddd06e41620ea22c478986f4b3e3b79d105543f89f0bde8267b7afae7a161"
"0.3.9" = "f4bfa8912de10ede9cdc9dcb7443a494b979785eeac4afa075bfcd092d1f9af7"
"0.3.11" = "54a04a6de2a83d980acf0486c85a395488c023076b0ffb18a8bf6b250c79addc"
"0.3.12" = "0439a81f199d3faf933580d3a7523a62dbb99d52a61209ef8e2f11144257ebb7"
"0.3.13" = "ef872c467ea862578f5588238298e2ad1f660e1d7490795f046813df731ce09c"
"0.3.14" = "7f77b2d4fbd8b398f036234815430cfca575723186794145b96084a712225879"
"0.3.15" = "db5b811ed7eafe92ba449de96546f9ceb405ecc9bbbacc7431344d178c993a65"
"0.3.16" = "d20fb662ffdc7224962b054b3bfb002e3d0bc09f89716dc63e881cfd5647ed63"
"0.3.17" = "cc8c20967dc7f4ca6d2c11dfac511d8781872c14a4e1709154e02729b12494cf"
"0.3.18" = "76aa416cdefdf90f421adcde35820b196d9d3d0ffd6f642cbb12e8bf1e976f97"
"0.3.19" = "95a749fa5ec7b85ff1d50b385ce85268fb4c41bd62d75739ec916ea4ef457f07"

[papermario]
"0.6.3" = "51ff1653e4abf49bebebb44bf63197360fe78d23ed2a2130d29cbdd23e9db5f3"
"0.6.4" = "100e688358d9e07e75b4a267b81c6bf23ef77a15ba2a4c38e8448c06e7d93ea4"

[peaks_of_yore]
"1.6.0" = "87e53060a41a5d1eb24a8507e40252a0622bd19b321d21268d8c5bb6ad2919ff"

[pizza_tower]
"1.0.1" = "d6fbff7c45a5667a0987838049c30f1162a2e1ee123b36845f3cf1417163267c"
"1.1.0" = "58358189f5e0477e95caf560d09ba586d53d4538ea1a67dea764ad23b38fc51c"

[placidplasticducksim]
"0.1.1-hf1" = "73c4afd36df48003f04b0ce20e6e61e31ccd2cd9aac2f0bfb64259eebe9558f7"

[pmd_eos]
"0.2.2" = "0c11bb2b25343f50dc3c370d8219a7b4bc2a647b0f6dee828dd41244c4592dd2"
"0.2.3" = "493e4192d148ac9adc9d476ca3ede54cc566a66ac816ccc0421b2c498639db56"
"0.3.0-rc8" = "59bb6b83244ce1c7868f3c03561e4c1127453931f2ddca1efdda0fee1e5f672e"
"0.3.0" = "e88dc734c0bd046c1b8fe7c5e351edeed029c0f2ed677f18446100b5730e0f98"
"0.3.1" = "7e2d1dfbbf408834912015c5f8263c8ecb8d563fb16411a616fead77ca5c21a9"

[pokemon_crystal]
"4.0.0" = "d8999203d182d22673f4175d5f668d5209152d4ea6663c015039d3a55ae4631e"
"4.0.1" = "8b43fc029db89c5a1db94631231e0894ebbc9db187991c9f9aefd77c1f287c7c"
"4.0.2" = "f4db0c885c3d0070d686278f90bababf45e91b737d97c32f4ee888d4829629a9"
"4.0.3" = "03f25cf1dcd7bb0cc3594e00bc33eb77a2dbbf90f7cf1390079fa0fb969ac8e1"
"4.0.5" = "51e738b09d797b4a6db13565ba64a354d4b3ff991e74fe70e20740f46a02c38d"
"4.0.6" = "30c2c76f711b1448ae1ba325dc310fa7a17bf2f68a6dbdfc0a70921be832427b"
"4.0.7" = "69322469afe7a3185f679785008667f157a9accc0cda604702249b8eda539b50"
"4.0.8" = "a274db44e87a9be2dbc608a9a656ed9912d4e8f4cad1a1a29e883ca89e649214"
"4.0.9" = "2a8da84f1eacad758c69a7fbd1facf7a0ca4813927d64d2ce39dd8e2fa134c8b"
"4.0.10" = "1126bf06e39f3dc5130821cb1acb2d4eb830d7cfbf2b65bb6023a950bf46e8e8"
"4.0.11" = "a8f6dadd2e9a1eda92d3ca2b4bbe54e26ce8a7e0422806324b9643a18ab9fb2f"
"4.0.12" = "4b54fac7bd5030550c4760d83b9b03969d40b279d9585393ffa468513a26fa61"
"5.0.0" = "e2318aa3b6024eea60baf9235fbf1ea3bee5bc8e41350f2d04c31a13b8e9955f"
"5.0.1" = "ab2c828cc6247bb16a44e1b782c47f16e3265775f6c72cc4d3460a938c95a925"
"5.0.2" = "de58c90130f2441837d9923bdce1d9dee7a274b38680dfc7263f7d0185045a4a"
"5.0.3" = "15a5c90905ce5f66ff2d91a5ee7168545eadfac94bf0f1898fb5a32277488204"

[pokemon_frlg]
"0.9.6" = "78db46d972735f314409b863a90c94ac90a5a76d824c953828005032f9f20547"

[powerwashsimulator]
"0.1.0+hf3" = "4b70b32548c362b036a9f0eeb706c7e2d61666a72afd012b33552358dc4b207c"
"0.3.2" = "d82c871fb32bf88389d4fe8e3f8a6174315326f6c0e3e380d54e6ffdd02447dc"
"0.5.1" = "37048a9d414852bce90311aef8fd2b9216840b7ac5db0a3f4e0da6a20989609e"
"0.5.2" = "2a33792eb9ceec5bde67dee292b41c741f9efd6b68fc7884836c93bc49fe833d"
"0.5.3" = "f9f1f4acf4c52aee0a38e9cffdf8ff1212fb41b94979a1bd767d20f031d0a0aa"
"0.5.5" = "4b780fc7bfbef21a64607908b47f1ce2ae34434e75b84078e61cd3a245b141c9"

[pseudoregalia]
"0.7.3" = "88bea1680974aa4f7f2b384190c56647dd30140b58a615a5158de1eff2707248"
"0.7.4" = "4b89e1df77ea4ed5a4597bc67677215e989d28cd7df1d81bc6130812308cc24f"
"0.8.1" = "4729a16934e61b728f3caa0e83b1e5975d115046fbcdb5786bd28997d365484f"
"0.9.0" = "6f20cacfc3b39a7207c1b01ca6d34c0a327e88f97eb995537672a3f2c7c67cc7"
"0.9.3" = "9216a41bc988bc205b8f1832d2a7081a5a85f597bd221f40e7808c2888f7b86c"
"0.9.4" = "85bad81db8c2580e105d80fb424d9a893c2fa2e53978173f78a6eab6e912f1a9"

[psychonauts]
"0.8.0" = "c8cbec6d91740bb29d67f8bbb79ed6215249c872a3882e14c81a87a17928e441"

[rac2]
"0.4.2" = "a2c450770323d36b64982165342ec5c8ad7b95feb3e5765b6ca0118ee4429255"
"0.5.0" = "6e3342e3b40b679e274f88e7abdfcb0e17b2049bec78e74c674143aaf3a562c1"
"0.5.1" = "e4cd6278a4e6fce8efed60a773d6b7e83eaf51ea1539e2b276f1c7e6649b36b9"
"0.6.1" = "0aabad3f22fa49f8cec7db04228195ff16972963b92380acc9a346ca9d6a4c0d"
"0.6.2" = "523ce251e6a5376277ac4b9f740b2c6cb713682a90861d058d4168f9091c1694"
"0.6.3" = "823eea01fbf54c8ae50eabb0515b3d6035cd690e3f2420d443a2c31457784022"

[rain_world]
"1.3.1" = "8e9710b550df9556fc2ce07bb94d46126476d4323240dd71aed41f0191ece28c"
"1.3.2" = "90d60dfd123bfddf9581385da463fa24220bc7737e25b52f42024587ae93bdb3"

[residentevil2remake]
"0.2.7" = "3648cbc1abf0ab5aff8d9f2ea969077255c4c6293689ad8544c07b94165638ea"

[reventure]
"0.19.0" = "be3ddf8ba78df41814000134a67d1a9e282d386b681f6e3e1103d40f5c7037bb"

[riftwizard]
"1.3.1" = "45b1322fd6f683bace17391d2a4d32479de88b830f9716d5137812514ac198d3"

[rogue_legacy]
"1.1.0" = "9ce9e982955b23d7f41194cfe3e99b6b4a72d94964ec59c8c2aa219d0d062d43"

[rotn]
"0.2.0" = "13d37ba93b971cdf8d47f7673725577e6640408c9a7cef6b420d564c5258e402"
"0.3.2" = "936449357910cbd6e3ad8498190e8eeb3c416d8ce0845f56dbb5dd79491e7ea1"

[rusted_moss]
"0.1.5-alpha" = "3faa2522bd7400d04b149dda7388fadb8b257d8d0adde6ab9d5cf3d4e49d331c"
"0.1.6-alpha" = "10906919a9bd626ee735a9e27f01546870b0558c9021632090e580a831a4102b"

[sadx]
"0.8.7-b" = "b82df80c13c3a4ae450cfe82b70759695ec1939526b849f39ccf05af1e7993ff"
"0.8.8" = "a753cb6bb8cf7c5f1356eae632aae2df20adce3502752f8bcee8a7c237c7ab90"
"1.0.0" = "9350918d11a2af548127716319cb5a5632ada88ee4db5a70ea877a0e13b39187"
"1.0.1" = "51fbf5ec8e3060b7774c39e81058371c4b4258280493abd143f708238e2e24b1"
"1.1.0" = "8f0d4afc4f41fa54d7887ede4e4af46ee0789ee260ec4aeffdd0497d7058faaa"
"1.1.1-b" = "19c11304e7daac2b8da7fb7a4b04a4c7c9a9c7b58bc909b2e03aa90c26d4ee14"
"1.1.2" = "ad2bdfa62f512957b4499514ec51d3172cf2379247e77dc5235aa4352f3ef42e"

[sgtpuzzles]
"0.1.8-prealpha" = "3be9724ef626eff9ca9ee2954a958141948c6eab167ec48f3e54a2ac3a2e3974"

[simpsonshitnrun]
"0.1.6-alpha" = "483a9f619496313616b9fe7ab20e8bbda69f1df7bff042f93542fd000f79ac48"
"0.2.4-beta" = "c3492e8ad6c7c18be14f2413eaeece6f8b7efb51371bdb4c6b31ba2630cda7c5"

[sims4]
"1.5.0" = "e482c438a90fe4d55f8bb0501a856a6d03067f01a4a012f861deee2dd9a2e1c8"
"1.5.1" = "7d01350c1e5acacabc577b4ef96f026090ab0af1b6dcdf36c0f73bab20383e37"
"1.5.2" = "883a11b2c13a5a04131e97bba0939ecf78848078b8ed645365b7410b64ba278f"
"1.6.0" = "3be0ee5a922264249f3d0d40a702c57ca0e6266ec244422ff7a00aa05ac5f2f0"

[sly1]
"0.1.5-alpha" = "c21b0c079845abe60b2e681f8d26b72c43ee1fcce58e0460e38b04aa38af433b"
"0.2.2-alpha" = "da0e67c4cbdc91a43033f0e54084fe5ea591b17812ec6d5a5aa3f2b054a2d2a4"
"0.2.4-alpha" = "bf9dbf2f91a7dcfaefc98a6da8128f03ef781f9f1a5908e77a3885ef880d368e"

[smsa2]
"0.1.2" = "3dc8918821ae5b6ea0d5e5aa2d075c0a84338a1f3fbc67a18860e2ed08fe4033"
"0.2.0" = "3546b5220794cdf8cf77052c8bee763d64bae74b9ca3aa6bd9bb8ca26c8c73d5"
"0.3.0" = "1d764d121e3997cf5c16c288ce4d395e759cddd4f616e74ef261792234388a44"
"0.4.0" = "ed3a4a12fb866f30782a1d7fd46905bbf2158c2c763b401fdf6a7af1d38afb3e"

[sonic_heroes]
"1.0.2" = "b732b7c4d4bb7a02d2092f375db70a87803f6200cebf5c9069add722516bceba"
"1.1.0" = "85184e8ac6fd71af3ee6f51465896c64d53e4593c93665bacbb53f674b59b5dd"
"1.1.3" = "a3db039c1177a43b74c3228206c136bfe044c2107f8a50379fc00664c311f33d"
"1.1.5" = "2143c93181fac8e2a72e4109006fea36801aeb057b85a79ba157f20253e952a3"
"1.1.7" = "dd88483bf32f1971a1d5934ee2db7e206dd4e4dadc4fbb5bd953297f586bac1d"
"1.1.8" = "bb1e10ce90eb245abc57befe131c68b18eea0e1849c03660ff356f149f8291f2"
"1.1.9" = "20f9ee6bc6d300a288868aa6d752ea4db2e7ada4fffeeb17da428bf6c7096f25"
"1.3.0" = "209c9f39af077957304c6d4bca806917fb119272aa8c4524be7c21531f7b31ab"
"1.4.0" = "33d0baaa0e90971e0fa6e65e4ad4257e2d9b56c6646e1d8775ba6ce2fd4be4ba"
"1.5.0" = "4b3af78267914c38c1ba8c9ff443fcb613bbd89111dd051494cb04ee293024d2"

[sonic_rush]
"0.2.3" = "11f587f0bd6758a0388d85da597a78a05d27e57de54a19c261a8d3dd2e374aca"

[sonicriders]
"0.1.2" = "372293063cf887c4f10e57aaf22427b79a19b6e4e7c1bb927a1ec5b561fef680"
"0.2.1" = "cd9cb5ad00f0afe8e4e4c73ffcb1303622052ccac342bf0ad94f6df3e6776ac1"
"0.2.2" = "3f7491527ce282c04beec13f11249deec18470146072469628ea1b7d8f4aca9f"

[sotn]
"0.81.4-alpha2" = "a70b9568e07fa06a2f4a5cb5126f7b0c759adc8b1711f7cbff355bdcec13a805"

[soulblazer]
"0.4.1" = "74f1f96b3ac916f873e0ceef8258d22b6117da4940d305dbd7e1279904dc4b4e"
"0.4.2" = "ba6bd4aa02bc7b611777182420f6987e118b7572abe03596112868a33bf69fa4"

[spelunker]
"0.0.1" = "c2c49d59d418b5d92d228acec5083ad7b52489029a810d25b2ae9571637b845a"

[spelunky2]
"0.2.4" = "bc4cc7fd19d4b94b7e463cfe728c423f6d5f2fa63ee9ba30775a15da45e25e0f"

[spinball]
"0.0.1" = "fab2b899fb2e87241f8b629dad54718c28d20dcf88b73e4cc8ff63b814590de6"

[spire]
"2.0.2" = "2ff78a4a561979e43b3a27a3d9b3489980fc56f8bea3f8f62d6f8d5cbed7acde"
"2.1.2" = "d9fd9bd9b4aef88692a2eddd32fc5764b7936688e2a736435d612437d523d84f"

[spyro2]
"0.1.2" = "4729ca510f211a3695823e2b4cb932594c130227f0deb55bb65b751f29327ba9"
"0.3.2" = "6b546ea15e16e89f0898c6359b5d09887e6bdf549334e1d0d64053dede97a460"

[spyro3]
"0.2.3" = "05aeb14ba48a805f4b77d6ec6d78b3ddab5ef4398e1304296f43a006180cbd48"
"0.3.0" = "6da852a958a1fcc76040f7959993dfe9bd53b36991fa1e0015b5a7ef4ff251cf"
"0.5.2" = "e18c58bad1be00f6a79dec0f42621ecd60077075ff4b8b96032a11016e818464"
"1.0.1" = "35d12d06d7a2a4dfb01caf8dd447e8a76b092a9890720cf5069361cb99264bf6"
"1.1.0" = "fa679af5e6665850c7d8d3e7e1508b05ab426407374af3de88d2ef8725b9b61d"

[ss]
"0.5.2" = "ccfe69ec3d6c34a06805b649c1df862fcd5319f24225666cd014cfd257d6baac"

[star_fox_64]
"0.4.1" = "6afffee141a3c4e9c1656de90c57af3c2ee926591cb24c6fa858168f5ad8e51c"

[superjunkoid]
"0.1.10" = "7e747eac28bac6911db0b440f346eb27ffa59a8813f6fee7d9db413da7baee76"

[swr]
"0.7.0" = "85d910774183bd59cc1e94e11a3efe60e60affe195400d90499c664d2b005597"

[tboir]
"0.0.12" = "e2fc956de1fdbc590a785d30bb095956a625c34495a776e6cd461024d69540de"

[tcg_card_shop_simulator]
"0.4.3" = "a8546192cf30ae23ea1670d079dc509ec6bcf1a06a5b3e2b69d4257cd1e69a80"

[terraria]
"1.4.4-rc1+calamity" = "5865a3c927f42b966074f40159a4704e3e25ae75320a22e9bea974ed428244f4"

[tevi]
"0.5.5" = "3c25be9908256853801907b22dc26e68cb424f62a625cf673abbb3f9df80d50e"

[th06]
"1.3.2" = "12a57542b2e9564e624d60da0261fdd8301b54531403bd7de6c5825ba23f8975"

[th07]
"1.1.2" = "62b5d0cec8d047c34bdf20593b3acd677ce3a3c616e9b363c62a5154ce015362"

[th08]
"0.1.3" = "6cd62f9b59e7eef5309669fefaa93cfe996a0a2a37df6491cabb9119a8190239"
"0.2.3" = "c72a2463c924a5d6f19cf4a4c0825a783c06bac533ea033fb25e11565eec1797"

[tje]
"0.3.1" = "ae2b0548223a0f7eb7588fd81e936710a8f40ae88b7b27d7ddcca07c69ddcf2b"
"0.3.2" = "95845058c6f2ba268c1744cc61741c5a4bb8ff6d5ebc00c454693c37e0ea8a08"

[tloz_ooa]
"0.4.3+hotfix-0.6.2" = "e5895cf5857d59b69e63041569724ef4ac040ecf80158eba9961da8c57319cbc"

[tloz_oos]
"10.2.0" = "e964f46cb6ad32c5b0e15503292ef1f783091e96a79c0b5f035b23e2f1efe4ee"

[tmc]
"0.0.10" = "107658b92be6b2851190a81187787d857bc4fa85b400a3f0172fe5b5a047dc27"
"0.1.0-rc2" = "c740e6ee829f5ef5bf2715e5d2c56145a0bb2003bb282b04bd2bdfb58c7fdc7f"
"0.1.0" = "15091462c58352be3831d3afc50602cb5fce605c152b32e5f15d7cd78d22bb33"
"0.2.0" = "bc2c9eb84a1612be352a14afb5908455aa1b959483c5d7a97f9110ad81eab56a"

[trackmania]
"1.2.0" = "031e8ea967c84284f62822834899f12678cf0b26e1eff43e851590de664ade76"
"1.2.1" = "d580e4a9d32026f1ba4cf36dcf0b756d9c2a325f540a9b1818735a7227c9c181"

[ttyd]
"0.4.0+HOTFIX-fast-prefill" = "fa8701e5de247c4d3b0a0401cac5cd58466210b96da65be420e20e5ecd12e81a"
"0.5.1" = "b9fbc797188fd95174a312166c79ba2fb0e8c46493683328c544f8040ea9bb08"

[tunic]
"4.2.6" = "13aca596601896a700929abef22f32762ffc4302c9752b7b8fa50876e5d6d334"

[ty_the_tasmanian_tiger]
"1.1.2" = "731b788abd11480def659c2ab433ebea0abf233460290c374005b5a8494b2257"
"1.1.4" = "2fef18f47c1a8bbee838f0ccf6c27115ee85f9ec2105f00bfcefb9da9c5aefbe"
"1.1.7" = "4871062b95199e31d2e5133095b54b7d8296a653e87de56cb6f2c04accb8b0d4"
"1.2.1" = "64daf8d471cd6d39f81ea4bcdb28f7e98f9af269a31055d57aacbd75517074df"
"1.2.3" = "e9a5c68b183575e4bf98187123e65aec4b217d4ee8768defef7e739cdbb46b8a"
"1.3.1" = "22eee70dc36340dbb2d72f284e25b992f790fe117a75f5034647bb1568abbcca"

[tyrian]
"0.80.2" = "2a1c9c9326bccfe04d4f92e58d6bfd3edee232afc249be1919bdb6adc1f659b6"
"1.0.1" = "8a2015d005b9c521c6b291e395ad929ae120dc12556ad08de67b492724e7b1a6"

[ultrakill]
"3.2.3" = "13df5b0d14c9aeb77f98c7d8b73693488c53db4e5bdd428cccf540b618726fa6"
"3.2.4" = "b68615948a0bca4c4830d1bc37a366774d3b9da3e6918ad1b2f68a8b550aefdc"

[undertale]
"2.0.0+beta" = "95d2328fb8ef7de165c5cd1fea63a4d45ba069d143ffa42a8f6f5cbcc0bbb421"
"2.0.0+beta2" = "43ef9f80c49269c50612ebb78859bd6bda9d31fdcfb0c2465b869e701f806c11"

[vespadian]
"0.1.1" = "46bb003621dd5f2ba426779881f9c1f59055cc32365b318702c9bb116953c02f"

[voidstranger]
"0.8.0" = "77a8c8cea33113762ae6e5f5cc53b9b610ccfddf5830977a510cbc3f135f626c"
"0.8.4-hotfix1" = "f3ac4cdd07e7ffd95e45a608999e37188712567b404c974001484c950f9204e0"

[wl]
"1.2.5" = "1e1a3de27fdff19e390f0fda5ea968a4802737dc77a881147888556ae3f183d0"
"1.2.6" = "673a82e93c392fde5fe74e9725d6783b119f601ce2935952c3f1342b03d7c88d"

[wl4]
"3.0.0" = "eee586502d0505663e8ef7c66a90a682879fd32bec774bc77d9ba10ec57f5507"
"3.1.0" = "d2792a4ad0e042517e35a13efdef9e57a2457e76742e145602a06d47bc1b81e8"
"3.1.1" = "c2edc310c9a13460fb088fff5d69607c7db4787c1b4b903f4f5beee3fedee485"
"3.2.0" = "ffca8838a4f5c07b2b9f2059046309b18ef26b66c1724d00486bc3f38e755db3"

[wordipelago]
"0.8.4" = "f5993bf58d0c0749887cdffe4b5a0c429b8f15afad191a716653b1249ca5b5e2"
"0.8.5" = "a31a7efcd4f4af164be8446c78eb1e55a718dc67ddc1f10a9c581e66fcf9bb4e"
"0.8.6" = "8dec878f139b929bb94fdbf90b77d7d08a3eda39f0f046ac0ee91b11f9578415"
"1.0.0" = "e0c22c754c9bdbc932f36de97a47a36c7c77307c5099586ed4142e8303b844bc"

[wordsearch]
"0.0.1" = "ebce6adef710eb1d2a0ee624c688a7d82a884d4e0f181c039f3b0f3b55934daf"

[x2wotc]
"0.7.5-alpha" = "44499d9a20e2b7acd46148f8f8a2e31530c66f0febb4c4fd4dbbcc84b9f2676f"
"0.9.1-beta" = "d0f24f18ccb75c6df403ecf514b67c12fba6eb3cd61afa609dcafb9722b5d9c4"

[yachtdice]
"2.2.2-testing" = "46802b787e9dafa6d9226577e91ebd57d387581838eee35938947ad7381c516c"
"2.2.3" = "dba4370b02de12e1f557543761bb9de5e97e38d37a3f3e03d0ab2d83cc05e58f"

[yoku]
"0.0.2" = "7ff72ad37100c2da6001a9829d25d03e12d37d2d281b609738735e9b11982298"
"0.0.3" = "367d445cba389ffb6e47846dd6246a9db2e2354bace2b9d55a0a88dd6e7294ec"
"0.0.4" = "fe936dc8cdffe1cf94c95c10836cbdefe16f58c8680e872d8405178f6a1ce547"

[yugioh06]
"2.4.0-beta" = "3ad94f593581e62c6b6dd8d37338065f0fc6f11a0070e1245ddceb323553749e"

[zelda2]
"1.0.0" = "1a9f5c72ef3ed01c8b8a58954f7bdcf643e483d67e76e6132a6a241e067b744a"
"1.1.0" = "3a26e035059e42e3d1e4c7a1935d642abfc0be99c71a2f17a5ab5b4d761a18b8"
