["Twilight Princess"]
"0.2.3" = "028c506f4c30f4896e1f381663ed73c0e7fc20c08604a0e0f78018012f371494"
"0.3.0" = "77c8ccca3da7b040b94a7c8b4c68dc5234556dbc1c5b51f65afc19655f6d00ab"

[air_delivery]
"0.1.5" = "ae2acaa7d37060205d6b97d19b16e2451b2b3d6ce7b818f612390b22f82e618c"

[animal_well]
"0.4.2" = "ae06f227477604e6a356154bc8faeb453b4e60c7f17363c5590093db398acf2a"
"0.5.0" = "7cbdf65ae6ca1d5e843f3c6b16baf4d3ec61d11c2d497df8cc3b62245a4919d9"
"0.5.2" = "e07cba44f1715fc1d122484ea0ee8eaec218d04af00dabd4cedcd9dade693f8b"
"0.5.3" = "0ec271eed3dd9b3211aa69ed55a2c508c9bafc7be3e70a7065fb7108446c53c7"

[anodyne]
"0.1.7" = "35852163f08770fac13e03e7089486689a01d80ca81c1de7726f20bed8f50e99"
"0.1.9" = "28d0599d757a75e2351b32697dede11511e561d3e1c070ba3406cf7863a85c33"
"0.2.3" = "959ee05776be297d82ee8228c2629e0590e19f3723294b25280e3c2a054b7c6a"
"0.2.4" = "3cf5118a51a7c50068c99ddc269e967be7ba44bf1ca6cf331befc68429f9f33d"
"0.2.5" = "90af3359bdcd1c6f86c3bd8930fd539709afdd098ebde10206a0f7dcdc54bd50"
"0.2.6" = "5fab8474d69c5314e2596279a27729f8defe2e609ef8be16ee56d371adb4cf33"
"0.2.7" = "c2b58b9cd9256dc892a207a78876af74b3d7e71f9c44bb220e4bdc6be0db7b98"
"0.3.1" = "a66fb2ad8f35d5de0c1eea40ebaaefad828a14fa949b5c6fd0a07b212f1df558"

[another_crab]
"0.3.1" = "72fffb50d83589181eba3adf4ad7c7325cd751fd0f606bc88135b7cbddc96c8e"
"0.4.0" = "e91580200e46ef8946e55db1191688e6909a8b98edde8647f22509785823794b"
"0.4.2" = "e91580200e46ef8946e55db1191688e6909a8b98edde8647f22509785823794b"
"0.4.3" = "38875d9672853a3772149260fd7c49686ad0d48ebc9befa73ef0eecd4e9f21a8"
"0.4.4" = "38875d9672853a3772149260fd7c49686ad0d48ebc9befa73ef0eecd4e9f21a8"

[ape_escape_3]
"1.0.60" = "1354219fee3bfa1078e17d2dc6fa6ee7bc7138d1721cb5bd9f6295d9e0153895"
"1.0.70" = "360b7540c92ae340df033865873a5cfe1d3c94d7f4e6e9828600193bd5daa2f8"
"1.0.71" = "73dd872742962d98d8fe170599c01012bfad1d7a1e6f7e698da0ccd1e1f34bd1"
"1.0.80-exp" = "bd8b10d4ca4c0f719383c6c6d42fb1c4ebdb13b5823ced4df322453dbe531ebb"

[apeescape]
"0.8.5" = "43ad73f03f05022f17a8a4c913be175846e33b33b95beeec13df88ed07455ab6"
"0.8.7" = "cf888d4a20e80e2537933e25a0db93f22bd6b69b1bf1ab08ffde7a35b89fb298"
"0.8.8" = "c39d1f250735439acfad96450ba7ed1f1c56c86aa5d00c4aa98c1a29f531d056"
"0.8.9" = "9f3ba05df6615f13d3655f74ff7c49416ed05eb245002afc177505dcd29c9703"

[apgo]
"0.5.0" = "54494fb34b7f25169747ecf567cca998d946cb0a5bf626fd342c5fbe897c047e"
"0.5.2" = "54494fb34b7f25169747ecf567cca998d946cb0a5bf626fd342c5fbe897c047e"
"0.5.3" = "5dfcfc2e5feea3406eeaffdb41770e2312cb5e717911ba9a487ed9e83822cb24"
"0.6.0" = "5dfcfc2e5feea3406eeaffdb41770e2312cb5e717911ba9a487ed9e83822cb24"

[astalon]
"0.17.0" = "b86e7d5e6ee58648b7b3e4cfc1931bb47af8d2e716da113dd23de96cc56bb949"
"0.18.2" = "743f87f44c2be5ce65effb277aa5d691b9f84e73dcefcdfa1b2a4e0a3a17bc12"
"0.21.2" = "fad33ed48c67ef95bcb2d47bb25cdbbd22df08e59e0836e64a1963327ae7a7f0"
"0.23.1" = "5ed40c36478592b0ed6d4020821b4735a698241c771490768e88b5b7717ac78d"
"0.24.0-rc3" = "6ca86ef18475f0792b0ade026cc665de050abac0c9feab3d52e062b4956a0429"
"0.24.0" = "f6b9baa636e91b8e40651146ecd505b7e7898d2ee6f1e948e9f3c8bb296bac36"

[aus]
"1.0.0-beta" = "b8ad181425b59fc83c4cd6525c3b860e2cb554ab45d4f3b887c78d20f686259e"
"1.1.0-beta" = "727548d83eac4fce58370b62825739c6c8c2f881d6955bd3fc48320315815075"

[autopelago]
"0.7.3" = "eab928d3f7e149c38ab65be7a2825da572079113958a227dd1e9949dc9c716de"
"0.8.0" = "fbb0600a8fff5ebdd82eb7eb01f1b241083e49cded40b63981d1ba10147a2fef"
"0.9.0" = "6978524f935a34f0598e2304094e0559f712c59a3fa9d7bb6b1bfda8cbaaba3a"
"0.10.0" = "f16f62787cfdcb2fe3e217f2d6378a64046d239c521dc95b0a4c40abe7fd7002"
"0.10.3" = "d3b91745b3bfb163ef7bf03d5cba7771e306e251df73748d4365ac8fa18d8ba0"
"0.10.4" = "d3b91745b3bfb163ef7bf03d5cba7771e306e251df73748d4365ac8fa18d8ba0"

[balatro]
"0.1.9-b" = "b29d87a79e6e0cf24edb3dea21b86e771d8240537408418ac758b32207b19583"
"0.1.9-d" = "d17b34da337883c5e25739951b667386a6cdb854155dbed9e8c2cb0f20ac5068"
"0.1.9-e" = "6daa410f785c59a1d8672458bb163c54c0078e7a6f9584a03967a8efd0d242cc"

[banjo_tooie]
"2.1.4" = "4c140d40860f6d743419bb31b85c9ca9a47771a5331ab1153d72a8041e6c9384"
"3.3.1" = "8224767deff0f7deced3f2c9ab322854a830b7678a4bfbe2cae05699d6d175f6"
"4.1.0" = "3211e5d28eadf461c108023ee54968bc19d397953a9138fe550ef16447a4d6b0"
"4.2.0" = "6946e77d1a31eb6b289eeba6cecc0f46f6af9ec96eaf41e341469e5cff531860"
"4.3.0" = "22beeb1e71313b207c5a177ec90c64d61a284bcb276d96ed8f3c40ec2e50e2e6"
"4.4.2" = "7cd969aa37b94cf8179048cf5077140a4317694260a0f18a9340b0e8ada85833"
"4.5.1" = "d083caef4fb002633cc40dbf32479b4428752048b0c4be9714bd947b1132c2bc"

[brotato]
"0.5.0" = "02d0cf706510f3e9fa2bdb5597d355103208b763b6164654a5fcc4682cf70794"
"0.6.0" = "042ffffd9bebaad49ba9dd3da4fdb60b46b8ec94c5d76bdc13ff9fd32c3dbbe6"
"0.7.1" = "3d9698a32ea3cc15ce739104fabf96955df9b7bcdc4911ae627e82aac022ee9e"
"0.7.2" = "ea59382b3c01b03dec0a8aa7aed2f3894d2ec6cd71494a9d22684b523b4e81e9"
"0.8.0" = "c7f3437f56f2a98e60164d2b8785e610df00a9fa269fe1c2773d0a1c38187080"
"0.8.1" = "309504945b9fa66e62c85cb0a92cdbe179221079514f68c69b4f0c984e10094a"
"0.8.2" = "c8904ebdce49fa71e9bede3da92995c196f1f01a3a4792feaefd0f49fad68bf8"

[candybox2]
"0.1.0+20250409-1" = "ad74741ed548c313c725166e7ada06c29795dc09e3a12f2de919bf0b1128a94f"

[cave_story]
"0.4.1" = "325bb747691d4d0266298c08746897051d210b79fde3dc4cbf00194b7daa936a"
"0.5.0" = "eb13ce47886613cb3355a313a6e0c5a22126b127b5d56e84b2f7a405510b80c2"

[cavern_of_dreams]
"1.10.1" = "178cbd7ca90ce18deb775f703de7e324d15afb50e70451a482b198d784454d72"

[cavesofqud]
"0.7.0" = "5a79666c70bd05610059043d039c88c1db91bef58e94893fac95399344b05700"

[celeste]
"0.3.0" = "f02ee50d1bf9b44d710ceacf4d8659a960f9ad08262acd621f50847ffe765b78"
"0.4.0-alpha+unreleased" = "b98495eb4b8b0aa3b3de39f5b11151d54e21e955be63611687cfc179f63854a6"

[celeste_open_world]
"1.0.0" = "26bf721a20d5eb01b7f1a987fdd0d97981f2d490b5a7647ec113db6a82bb8d42"
"1.0.1" = "382b297aaad2736848947b829a75d6a01cea528a9dbdc8605fbcb1028ee542a0"
"1.0.3" = "5f731f67f4f3138cc5807ff420d5fc0f34f001338fd898496785790603b27f01"
"1.0.4" = "e0e3ac11bc61413bf6c95bffb010c6bacad75abb71e907eb6d03eaddac36110a"

[checksmate]
"0.2.7" = "7fe71f791e8b455ecafe0646f4fda1bd3def2888e4459dc673fa1876db9e2e50"
"0.2.14" = "cac6e729a1d29e064e533004ae098627ddf673c9d9425e653f48948b84a261c3"
"0.3.0" = "9b1f5ca48b52d8d0eac2099225174f7073ed6a823d90035669257c5e813312aa"

[crosscode]
"0.6.3" = "ee8ce3f45585c6f82d0b6e4121a224ec3c034d9af4b63e0487e7d170fb4d2f47"
"0.6.4" = "c0ca8e7bd326a17611ec7b323091dce6c883b99b910a4c71610521c7b67d79b3"
"0.6.5" = "d31138fbb1783def16a0abdbd8e2d6e389e66813b16e3e3e33863a37f7c66045"
"0.6.6" = "99c47338b4dfe85c5531afba1d9953f2dda7f1f4e8c78d2c602f851ee2d72b65"
"0.6.8" = "57d26aa084cdf031a3dc0253e2802479c0221a522243bcf9588b62d439cd246d"
"0.6.11" = "9e6a47109811bb590c2b6fe8adc226164f121ce5f7dc8ed87192d94d7d936259"

[cvhodis]
"0.2.0-hf" = "11dc53479aa7abd3eea99a1974c04ec0194b5eebd4416f741804a7a03a4cf0ff"

[dark_souls_2]
"0.5.4" = "dea428ae938dcc938c1c5c6732aef56b0171dc0426888f429f5787c1060267b9"

[diddy_kong_racing]
"0.3.1" = "c928b1c54773c8d5c3fa4f58585ca7e388c6761491a12d86bc9f7171a0498a94"
"0.5.2" = "61ceb7ab80fc453d5cba639a38b3bb8e50ef0954d37b9a55318104b159e9fba0"
"0.6.1" = "826430814dd9ab5e17eb691cbb8c7879b6e9186741bc409822af156912dde66e"

[dkc2]
"2.0.0+patch1" = "daebfae9ffba08246e868cd6d92e08cf6772d31942636449adee47f6a66a7f53"
"2.2.0" = "80c8ea30bee25af8cd813bb604692c5903cb0d10965c3524c6cf9b472b5daa98"

[dome_keeper]
"1.1.4" = "8c28e36f34d0f4eca538527a853430a65fb0434c8375ba747241c52bd42a53ae"
"1.2.0" = "2d75e9aa3f34e8f4cdfc310e680b71f0600efbf9d78410ee6b7e7b4379524e69"
"1.3.0" = "70aa611d69ddc12d161d27f0778ad620de6b906c34eb0581afdd42753a77eec1"

[doronko_wanko]
"0.3.0" = "6d7447ea7c9076ba1f815abd1c1cbb722aa594ceaca9823b72d9ea822bb7b358"
"0.3.1" = "4b5fa9f5d1d35b847fdfea3d7e60207b75d3cc0077efce456eceffe723a8313f"

[dsr]
"0.0.9" = "d929df408a2648548742c38b6d6a4f95cf7b88a438f12db62fbfb4b178387aef"
"0.0.10" = "7b3c9d5657846c75339664097ee3e203514cdffe0c036c742988432fe70d664b"
"0.0.11" = "7b3c9d5657846c75339664097ee3e203514cdffe0c036c742988432fe70d664b"
"0.0.17" = "ec6d2b23df9f28547779716885919443c9e3bce102d5fa249465322b6a2ab5cf"
"0.0.18" = "bdcff55913384df2e86ffc1a77ce8d82566e16e6c5fb17f7b746d79de42cd79a"

[earthbound]
"3.2.0" = "4ef78787d5c54b3197d3571ad5c13a0bb3b7f26c8e2b256aff974e3ff2e739b9"
"3.3.1" = "160c34fc78a64f446728ddd03099cb3ff927363adf2cfcdc35691c4230295105"
"3.5.0" = "2b3182c7f5ef28399919dd32175f65d63ea802d01a947ceb9924ab4e6970142f"
"4.0.1" = "dc8360b14aea5c11f082681c675bc08ac405ed68ba3c8656e83572357acf70cd"
"4.2.1" = "8a5acf5f117a4b0c9c5d29ed8853e32b9245fe2a3856e0b58684ef41604e53fa"

[enderlilies]
"0.8.0" = "58271963b8ef318a934a27bec3f11cb34217614e2414a1596dd3a116027b6480"

[fe8]
"0.3.2" = "e1c9b35c2949267367870c64a8cb1a33f614d8f78311028b91944c4a0ba4f2e9"
"0.3.3-rc1" = "e1c9b35c2949267367870c64a8cb1a33f614d8f78311028b91944c4a0ba4f2e9"
"0.4.0-rc2" = "289b1c9c1dd96b2f128497d115074b2e599eb9dbdd9247f36ddee62a8ce8f96a"

[ff12_open_world]
"0.4.2" = "20a7b5b200f2948b921e2c5e783130ac6bd079342e4b177f93b3edfcfbd52213"
"0.5.1" = "552b5455a42d20f2e5dc5338a23105de61cda680304726251fe5c4ca6073fa3a"
"0.5.3" = "aa3ce831e4bd0a01f702ebee72568b18458f2400e9a7da83720365d5d7572765"

[ff4fe]
"0.5.0" = "6ff74892c2c7c44eebd479dc08a16b3ad3a08c1e9a18687ba7b7269e70d66963"
"0.5.1" = "24a6218ac03bf71870aaadae916285e6916c3019ec0e4ee74386aa8d21680137"

[ffta]
"0.6.3" = "c418b9c0d78ded9cda6549a9672b54e1c381dd8dd528c23fea02548dd0989efb"
"0.6.5" = "e51c7486d608b830d8920c3de32525a04e8ddeeebdabaeafc850fc10d1a6df51"

[ffta2]
"0.0.8" = "2cb44dc9576bc5508a91ace61d6b123ce512054c4968d8e20f8e4e1b6c3662da"
"0.0.9" = "070365af8ae48f77d1dd6506cc0bef9b425a5ff25998092b9963127379294c61"

[ffxiitm]
"0.0.9" = "1a8cc2ffbc20f8957a8e3f004266815a41dfa2c9a0cce7e9d71104fd42b77b2f"

[ffxiv]
"0.19.2" = "8548e0a0de702a2404b63f6f20961fcad8d3da74a6d0e530890034a1b01e1ca6"
"0.21.0" = "fc698ebc8f5a66538588b9aa63fde9c5cb0f135157bb53583edef4c585ba4c41"
"0.21.1" = "f22761e333aff80b2d759496dd8ef7efa03916c7589118f6d0073f49142e640c"
"0.21.2" = "f6bd5b8e13846395443313753d33588fdada87570fea77cdefe1e2730fcb48b8"
"0.22.0" = "965a9ee9653b6cd3a72c72655e07afba9dcb717308881b6ce8e7168cf97bd733"

[fm]
"2.1.1" = "7581be15a6281b23db79ff1a54db034c1ddb7e2568b1d3898756e98ee41e8cf6"

[fnafw]
"0.0.3" = "83acad43401cf4abc31eceaff657f8f7ef6651de7fb31bda9e17e84d8b0176f2"

[frogmonster]
"0.1.0" = "90259b04f5236280970a144718f111f523e0d5bd7c4600dd223c8216652d8443"
"0.1.3" = "5f9bae335b016a0feab227b5b81c03f495104b84a6cb1ff7e5a071d1b917dfab"
"0.1.4" = "8c45e56e55a46c25c16158b56820471f1560589e2f9496df7f547cc0c0ec6310"

[gl]
"1.7.1" = "edf6eed960fa11bf3da975cb529c656067bc1ee09b85aeba529e1a00ddb17b64"

[grim_dawn]
"0.1.5" = "3d4ad4fdea380bc889a8f8531b124c62596fe4e3363f5cc576fa7582105495e9"
"0.2.0" = "272fb203e264f16bd3a178245b579b13342145e453de4fae56bbbbe15c009ba4"

[gstla]
"0.1.1-alpha" = "d5b7efa244c177c568df5780be608968e312c1443bf487b778c5a6c18eaa7ba9"
"0.1.2-alpha" = "c0cb1c16a22e47486c5788b259e604e2ff4535dee74f4fdca9db5f10d39007b4"
"0.1.3-alpha" = "bbd8b546f930f5ea913b73a5ce2506cdf8dbfbec516235cac32876dc6687dd2a"
"0.1.4-alpha" = "a7d73b51c3964b12aede999d84a991813c7078f8e4276c09c771efdae2aded10"

[hades]
"0.12.3" = "255b298c736e048fb1e08f52b17ba1d09038f7939701ebe5ea5cef54d960aed7"
"0.13.0" = "e5fc93235d26469d0f6cf02869e39e2faa44a6eb56d9936e2740e5654a4ad505"
"0.13.1" = "24a96a04a8e187d79c4ce7e6a264045b96ddf97935459a57132ea7e00ec778af"

[hcniko]
"0.6.0" = "6d3082732461745ac3e2f12f1b0d2057e42f54f16c8a921eb06468d2871841d1"
"0.7.1" = "10ae8383438493def45f7cf28d5956829fd41d42c074db7bf6b8e504dee8e6ed"
"0.7.2" = "c37bc947105da498deabbe04681f3de3cf49e141888682c566c7941a3c00ee81"
"0.7.4" = "e2d2a437d32e65d12a84c5e591f1b038541503e9e713604591ddd988c034fa3a"
"0.7.5" = "58174850ff6abac660a1a7b2deccadf38ee4b5735f0b517387a0b70d392483de"
"0.7.7" = "3d031922701e4ef0602ebdaeaeedc0dae79cb0aedb87b9417a32849ae7d8cef5"

[holo8]
"0.2.0-alpha" = "f329ab1ce83c3b5777b982881f4dd5a830c63a3057771d6c96c67282ceedc269"
"0.2.1-alpha" = "3bdc5043308838cfa2ccf972a314afdd97cc1f4399b0bbe614a91bbb7ea60feb"

[iji]
"1.1.3" = "9f1e96969342ca6f3a531eceb2d1da61bda2cb99147a802a21320a16a9f0dc4e"
"1.1.4" = "1a4077211b3d0c2f5035f1ce4fff8cb84dcf4e02ecbd44994856b30af3a591f5"

[into_the_breach]
"0.15.1" = "bf08a4f4e61327106d93280a54f420f087267e624dd5f5670163415764c859ef"
"0.15.15" = "9f1777dcb1400e5d7d36aa92a71c23d75f3e9425c3bf1defd8b475325ad4de2a"

[ittle_dew_2]
"0.2.1+region-gates" = "a581bab68d122a6810dbb7e77901055fccc2b1850326f4af9d39f96ea2dc49fb"
"0.3.0" = "33e427e512a7548665b9b1a2bbfc9dde6d9f104a53d9d757179c2eac877b7df0"

[jakanddaxter]
"0.4.0" = "21baff9fe25992d97e15d887dbf5eae4045b7f72d244e06e1d8577d38fee5c50"
"0.4.1" = "9a3de8b665556e4172a6a8c15a4dd4368bc125bc8e67b8bdccedf1fb1e9f6cbd"
"0.5.1" = "cd0108b460b3a29c6bc41222f2ddfab7cc624927d497688c9fb5cf3451d6f62d"
"0.5.2" = "44c2b56d28e545c363de752f45270bca6bfe7bea5640398366e44cc2e827f40f"

[jigsaw]
"0.6.0" = "77202d575aa6d3cd0211711dc107de2a42cae7d0ad73080f4c683b7cc669ed96"
"0.6.2" = "c36f137c8badeb810c96c6e61254aedf850c8adaf435fd41cc06aa3f7a055eb7"
"0.6.3" = "e1b9a91e3c252dd9eb1571b160f54b6ad61eb579954eb4d9af6adec28ce0696d"
"0.6.6" = "91be2db42009606a47b7c06257d84963774111739ba9f6a3296123934a64f5ce"
"0.7.0" = "9fa936de461d2d88c0811d2a03a7dca008cfbf2588e338f62fd120731727502b"
"0.7.1" = "4f533454a149c762b7c5f74417409d5e727c8beb801ec90da661b8873126c725"
"0.7.2" = "ba60f1031fc7a48a3cc1df529219ac3c7f89e6fddaa41dba5c19a8f053b48ba1"

[k64]
"0.2.2" = "06b98573104870ebe174c08f2765fb06b28fb0d38eb628490ec37eca66dde05a"

[keymasters_keep]
"0.0.7" = "4cc24fea32b74983cbb311497b9c8a2810f5265d0be995e4a52710f32de1f3a7"
"0.0.9" = "f206bad8ebcd192a202af9caaa8750fb21a43095c4b42b47c18427f5cdfcc2b9"
"0.2.0+silasarybundle" = "c3e5bd82786efdc789011695bc82c7aa1a72db19b982abedf949073dea36c39d"

[khbbs]
"0.1.2" = "c19373a261df66cb4e304070a56450dfe1d6c4f74b5dc3f27cf12c9967b73d83"

[khcom]
"1.0.0" = "c9631cccbb526b9db335e308b1275f1ccea24a88e883ccf948d99396643f6c7f"

[khrecom]
"1.4.1" = "de91d41d73f3123c3fe8f06b8dc28953f31caf721c2b8d606eb90f3350aa540b"
"1.4.2" = "41fc01fc7231353f17dfdea9451a5e29846d3429a88349c8762fa23f798ba910"

[kss]
"0.0.4" = "f5f522f91f9225afab71c1cfed3df5e80da6ff03d2d177d3ac9cdee8085c284d"
"0.1.1" = "4a3983c5f16a5e0830b5f47e6abceb7ff04aa73eaae88b3828c20fa9e8b8a42b"
"0.1.2" = "c370859170654212ae796c67315eb1490813baecd82a52cab0f28efe6bca4821"

[ktane]
"0.1.3-a" = "20e23d7448be5a016155ce63ec5d2bed95f34bb824a530c6c95d4c3dad0317a3"

[ladx_beta]
"0.5.1+beta-10.2" = "13885df85a2263e2eddd4094170523ff4e8e7ef2657604828ec29e1b4d48b2fa"
"0.5.1+beta-11.0" = "0a91e2b1f76faa0d95fa8deda8615e8afd6abf59f5c1290628020c423de7a997"
"0.5.1+beta-11.6" = "3d6c5c9cf9cbc3a37649ad8710588dcb8cd53d080e8f90418747dda449db7dd1"
"0.6.1+12.0-alpha1" = "918b21d0a5e5cbadd27b35a63f503e8f3be42eb04db850c84f42a2cb17d3fd90"

[lethal_company]
"0.6.9-beta" = "91aa53279b56ea25eb0d1d967075811e473d411931ba31ccecdcd4a7d2ae44b3"
"0.6.13-beta" = "a4e35bb818836eb99059db8641f423b3adc1e3445f7215f011bdb38bdab2ce80"
"0.7.1-beta" = "d3fa1968358a28f5deb5b07b4a87be69c58906b452edf289d64c5b8008d4e4d3"

[lil_gator_game]
"1.0.1" = "6e1250a5915ac1f8a0530e0adcd5d44e8c8dd7fef307ef4db06dd25e3426fb3b"
"1.0.2" = "57d0554571646cffdddd8e1dc991550e0b7bf7a5ed8205a227f691e856f84884"
"1.0.6" = "0fea9448fc3b50f71bccb3190b1e7b21429e6c627a60413b2c0fb77e7f7614de"

[little_witch_nobeta]
"0.1.4" = "e456990ea16324e296e0193eb0fccc670c95f94a1ca0744333f786e9104ca694"

[luigismansion]
"0.4.9" = "76ddcd0759f7b86092f6c9998cf6ac2af339de78efe353c24e7f7a91758182c3"

[lunacid]
"0.8.13" = "cdc62e8c6db758ddf507a67875fff4ab6707fe00e033202ad417e2e2597388c5"
"0.8.14" = "2c0707ce0ee9efd6049913186dd4d98b24a4aced08fc201f61bca7049911dddd"
"0.9.7" = "fd524f99166a10eaf811a2169dad28de0b9159e85c493971bf874e89a59a0de6"

[manual_EuroTruckSim2_bdi]
"0.0.3" = "bdb473c957f79a5f2b9991e323057f0f2b49348677e4908844c207224fb0fc74"

[manual_PLA_miro]
"1.1.1" = "3e97b67a0a0111b7fc445e7fbe3b193038ef1c7562451e2010a447ce75852abd"

[manual_betrayal_axxroy]
"0.0.2" = "324baa6a67fd10404f6ebd0eeff44eff7d2817b71048d11ced2bfe9c42631128"

[manual_bo6libertyfalls_delcatty16]
"0.0.1" = "aaec0e7e1a2c43b2042e56c7ebc7ac19bcc2dddce68d7476c3f2e2c44900ff21"

[manual_cookservedelicious3_farren]
"1.0.1" = "bbde34b9fff9f55db4d431fb31054823f8bdca49958e9b1999c362bdf8479ab7"

[manual_crashteamracingnitrofueled_hallstead]
"5.1.0" = "2f5b67e1e2ad2a4969903cf423a2245979f68a4a2d218d8d110419ce40dbf3ae"

[manual_deadbydaylight-killer-c35_nivomi]
"0.0.6" = "663e77e549c9e9155e1b6056a7e9fc8c3808f42fa1da93fa6bb292d99448d6db"

[manual_diddykongracing_decoytroy]
"0.0.1" = "a1ae9a26d2fadd6bc8d94f7e25f60fe9679e969b12025260082f1b32e9a107fd"

[manual_donaldduckquackattack_1313e]
"0.0.2" = "b5e2f8342d6866e2e73ed0280b71cc94e2d46c40adc68e1162f2eb6e92c64046"

[manual_epicuniversewandmagic_tornadowizard]
"1.0.0" = "e9fefaa36ffd63dc0459b8b34ca5fe95869ab59941cf9c8c7481ff1f5d88fe37"

[manual_ets2_dopin]
"0.1.0" = "1a83ff1facfbed399ac16ddeee0e2afda82449946ccac9b486bbf9d711bad8ee"
"0.1.1" = "a56d89d6fb41eff08d874763f8128c217b305cbcf4cc003f20fbaee1510052ba"
"1.0.0" = "33c2a9c32e9cddb2437613f5a597dd3d547d6d731c75ea875a236e0abc35d72f"

[manual_ffdissidia_silasary]
"0.0.3" = "0834dac93007298b6af3f300195f59ead483f0cdbc7b67d315fd4fdfc42cde3e"

[manual_ffxivpotd_goomboss]
"0.0.1-dopin" = "79d47581e7ee06a2d929671463d61c40efbc6a04579e44fb9887aebe53d461d0"

[manual_guitarhero2_nyvgf]
"0.0.2+zeenobae" = "988a61243dbe3c3237e1485c9ccfe18413008494acc8c92ac749e4beaea218c4"

[manual_guitarhero3_garbo]
"1.3.0" = "1e4e8363fff09ddc72e2e1df2061a516d983f279a617308054e94613b69f6e87"

[manual_jumpultimatestars_pizzaking405]
"3.5.0" = "740c1271d7985b989b63db63329ee56946ba389f1df6273831c6923ef4cd6e7c"
"4.0.0" = "eface57a3975f398ed7dc24aa448810fef9299148c0da0f44da96b96df5f8609"

[manual_legostarwarsthecompletesaga_mysteryem]
"0.8.0" = "c0d4850d98c08eab4649dccb798b1d9dbbcff3bd8436e24cfa989a8ca1e6ccc4"

[manual_mariokartds_xanderoni]
"0.0.2" = "473940c6b72d6946779772650f69c4879e70aefe834649c97a113c1e7d3ecdbc"

[manual_mkwii_magnetico]
"0.0.1+magnetico" = "731b011dd0c6efbcb01851fd8d4653c1a06dd7ae5828aa596e4bb7ac927e80f6"

[manual_mmxlcxchalllenge_pizzaking405]
"2.1.0" = "51b4f252a29482e077930d5233fceb151f55910ca7156e1a193bc893f39e3b79"

[manual_monsterhunterworld_panic]
"0.0.2" = "4030433caf12c318ece252fc0771fa713d37957c07e55fdbb3054312a48e512b"

[manual_newsupermariobroswii_zuils]
"0.0.1" = "a53dec92cead6ad890c751c2efeca872135cdf7b6d14fbb2d50e20fa3f0930b3"

[manual_nightmarekart_lolz]
"0.0.2" = "d6f0b22d50d6f585c4dcb1456b64c9e3081da34e5797bb4636742c62ee9ec36d"

[manual_onedeckdungeon_vertlizard]
"0.0.1" = "e13275a399003b7f209795db168460e627b1e9161f3c15ec34ec2031ddc30e60"

[manual_peggledeluxe_freezinater]
"0.0.8" = "5ac77c6f3515bc94ac0199c84af80d51ee70b49b927ccf68fd3bf62ef6aa8f43"

[manual_pizzatower_steph]
"0.0.4" = "31deb36c5276045127a0b8b693b57c86088f86216d2f77555a1379fa4747f2d8"

[manual_pokemonbw_snifit]
"0.0.1" = "d43c7d9aa2e3807de76ca30d88c898940b27b90e7ebc35233835aee9bb831f18"
"0.0.2" = "a7f41f5ce9c8323a1c3d3591413a86417d41564e30e66e183ef580d22ce93967"

[manual_pokemonplatinum_linneus]
"2.1.0" = "3e005fae863119b4e4074d864d926e0ca9c297d90f01f3c125a7f8ef5356a1ed"
"2.2.1" = "a0b6947cace88c27d6adbda6389c8f53ca2336bc3e7ea24b1a10f7f7b77c2d7b"
"2.3.0" = "f695c5a1960425934493b64d458ca3e9512eae2972ce7c466c46f488821851c6"

[manual_pokemonsnap_alirobotnik]
"1.3.1" = "a04ac31c69c100ad2b3bbae30b29ddd8ea5f70535f908ce869c16c3becb809e1"

[manual_powerwashsimulator_hallojasper]
"0.1.7" = "c486bd01c1708ea0fc68ef4698e65be40871ba425e9563cfe84adf22b3aebcac"
"0.1.8" = "bcf7b859183c060804e013db08e1d583004657f3bf68c173ac182b1921699f63"

[manual_residentevil4_vincentssin]
"1.0.4" = "c9dfd65359940f3598677f299f66188446ab38b103647c907bf4e12956d00d46"

[manual_rhythmdoctor_crimsondestroyer]
"0.0.1" = "e318b20cf34dc653d6c11e900bf036e3e2c5f2e11c41957dd0737861b6cfbf60"

[manual_robloxforsaken_cocobird24]
"0.0.2" = "ad18e6b3243acf8be47a490e07a6687f48eb89c5cac2aea5ff97dfe2542d5d45"
"0.0.3" = "ffc9fb1322c2c5295073895bafdf50705700b044fd6f3dbff44c35f472c866be"

[manual_slimerancher_axxroy]
"0.1.1" = "7187866d4c3f2cb0f2f854e03f911b80ae08242dc9ecf6e84752b6fab873303f"
"0.1.2-a" = "caf296a4dd72c7e85e27704acf522f462a584584e2efee2b197d17f3c971c86f"

[manual_smo_mp3]
"2.2.2" = "24d2c618fbc3df609f696c137f4db2af399072e2aa24e6952e36d0c81a1982a9"

[manual_spyrothedragon_muffinjets]
"0.0.3" = "5212be7aeda14bbe21bc011326e4b9aa684113f384b0352a9b26fcecbc7c59c4"

[manual_ssbmslippi_delta]
"0.0.2" = "e488fa742968d11f3574d0f9554a5672fdda7a1264cd6faeb012c52dea7c46c7"

[manual_stray_arnold0]
"0.0.2" = "6823973610228f7245705e9cf00cab5d479cd8b00924af429d88ace0faad8a69"

[manual_thegrinchps1_mariospore]
"1.0.0" = "af4b166802b2227a1358924f7a6799975531c3196f27fcc6f1c20187ce2fff8d"
"1.0.2" = "abfae7598d18176fc6b85dc4f18edfd0182186ae5850ef541f77effc71730581"
"1.1.0" = "d3f198bb4650290e5b1b3fbd72b35ab166224ab1964820b15e4a27b35efb3ed1"
"1.1.2" = "cbb8c596fce4cb482bffbcf4c00a5befeed9fb0e8881ffc3d79ff049802b0cc0"
"1.1.4+hotfix1" = "11bd0ece79d56500b0626c6ad6cfe552e2dcd1663609cf2aca43ada444ff51d6"

[manual_tmnf_dopin]
"0.0.1" = "391f726448619aa1882bff5528e6b693fbdfde41d7ad216dc30818d45bea8f52"

[manual_ultimatemarvelvscapcom3_manualteam]
"0.0.0+20241119" = "97f54af5e3a1ba9a1f89d3ee1b4de85f91e8a9d8ab942fbf10a29d2e4a9f3b3d"

[manual_worldofwarcraftdungeons_chakraa]
"2025.2.13" = "04a37b652c28a8001f24f35b66f54350051d84e0cabd68d29a5686e48ae4f766"

[mario_kart_double_dash]
"0.1.1" = "de5c63ed2fe94362e00e5a36e2f74a4270fe6c370e73efa03dbaa03fe50904a9"
"0.1.1+fantanoice1" = "6c5575188e0a0d4f106489b47b2a1655a711cd6097b12156f14697e63c5bd0f5"
"0.2.1" = "52553be1df2ae8e5804ee899571b320e057eff5d31d7e9dcd088300cb9a13e4b"

[marioland2]
"0.0.1" = "25df859fed98d595de76b7df2ebf53d6b94d2e1264a1db8bdb1cad14808dc93c"

[megamix]
"1.0.6-beta" = "594aa395d6cce3f83d641b5c1346de3c56fa88a8efc8000398f3a1ad1ac80081"
"1.1.4-beta-unofficial" = "a298547814ce8532be4efc97d4e28215209018406122b8e60f9168584e06cbab"
"1.1.9-beta-unofficial" = "de0f0a53ead82f5997973da5d50da3155439281fe7b53618643da4b5ab8eb5e5"
"1.1.9-beta2-unofficial" = "200bd4fbb334a5f6ef45f6664cab7e7269da1e62d6dcb344835ada5bf3dc1848"
"1.1.9-beta3-unofficial" = "517dace59ba10b123bebf1019001b4e78f7f0acc995cf0f6bc34b8223a88374e"
"1.2.0-beta-unofficial" = "dd3015c268c9dde4f7d8f6c625f8959e4325c5bb5d58e201a84f727cea30777b"

[metrocubevania]
"0.2.0-beta" = "ba52e82d88e501f1d13839a111c5bc649c5c3796c7f19e6aea4ab7da6ab0ab24"

[metroidprime]
"0.4.5" = "ebdb925fa2a843c75b7eb630f8724453f575e9e0da425637e7230822afe32f44"
"0.4.8" = "f6845b7237431169988c0d1794896fb9a6a4833c971f31d97a3a687ecd6eeedb"
"0.4.9" = "ea11f6dcdfa613e31579f790e7b0bf82cdfd182db7f16248cc71698435dfd66e"

[minishoot]
"0.4.2" = "5c7ef25801a0018ce421206e7089b8bd424ee726df7964cd502a58040ac0ef3d"

[minit]
"0.6.4" = "ab182f0f1ed91356368f03792090f8face00161a80f41cf337a0a817ce0dfe63"
"0.6.6" = "7ff43407acfc1eedbb4df4113ec3c713ba1d4cc5e2b24a5bbb3464f6f0d4faef"
"0.6.8" = "a715e151a347f4a1018b3ab90026e8f1b03ad6ad3417a0b1dd718d358d9a7f4c"
"0.6.9" = "bfed2366e3b8fa81f4f4f4f3afd2ed129a69a442036e7d5ef36bd16ee4472a29"

[mm3]
"0.1.1" = "f70a402b992d2933c334e4a39a9354912f42463b5c01dce6607cb964b1005d64"

[mmx]
"1.4.0" = "c431b44732d38c9f713a0aa7f6e5bed9369ea5e1ac16e58e70b277e0b9d5f986"

[mmx2]
"1.1.1" = "7179764f528b90963a61759169e236d2aa7253213ded74dae1d13971909cc1fe"

[mmx3]
"1.2.1" = "03970084642bdbfa8348768ea9c84aa1fa36e863282a4b557067503bd898f49e"
"1.4.0" = "22dd531ba5264d4ec27e0de6c831ae5fb31424763d8bc3621c4b1d848729fd6b"

[monster_sanctuary]
"1.2.0" = "d308953b34c92e9825ee6753548bbf0d021b5c96c2d1a862d2202323d60a99e8"
"1.2.1" = "0f0581f1ab620fab5a871065a6f7d6951067a17b3bc75465c4fd82162e2c8eb0"
"1.3.0" = "f0106a797ffc4cbde0af27806077061c4d5853c07534434b1a33aeab79991f61"
"1.3.2+hotfix1" = "bdc17aa822b7a0bffb7b5b29c6565c60095285e678b1bbc52fe4a7143266bc63"
"1.3.4" = "4c882ccf5b708bbceb0521553f1663596547fdf15a84beb3256ba3b490445b05"
"1.3.5" = "11dbe655f14e33261a69153b26dc1d891035fc8cfa9db9b9411a44b750558fcc"
"1.3.6" = "99541de21ab863fc20a66ba1f7635b34cdad34202abe3b5bc6c8d4b23389bb2e"

[mzm]
"0.1.2" = "9bd2e017ecab52d373196161033be8287c58af9ffef9520c9c7ffabb22d703cb"
"0.2.0" = "8c8a494d17b569f76100f5f4e95a200fed71eb5bc787493b669742aa2da5c71d"
"0.2.3" = "7afdddb1c8880ea7a0a5656da7be64aa233c2e0d0426cbf76fd82c5052e7b74b"
"0.3.0" = "2dd9546d0053e54f14eb2f4b3cb5b43a25bd42953f6563a7aa7e7011eb489c59"
"0.3.1" = "b7b05ab1cca07515f84549bad5de5585286d89bca03d011a59ec391c965c37b9"

[nine_sols]
"0.1.1" = "b67b6b20303ef36ed3d9dbe607a003b3ca6f4c37aca9dfbdd67c370b406377df"
"0.1.4" = "6411ad5f4e1535a6437172ff06f464b82cc52575e3b7635f091eba6ac1324f4f"

[no100f]
"0.3.1-unofficial" = "074b2a1b91fa9100fba8978cff794f7cc445016729eac093c623269909cf7f35"
"1.0.0" = "8e24fcd4af642d60ca4fa10a8e148167e8945bee4a89e543d3f847129e5efe50"

[openrct2]
"0.1.13-beta" = "aafba6482130787396ee01a5ebe8ac44508953514e69ffdb2ca41d9a14c6fdee"
"0.1.15-beta" = "ca6ac0f1c49a6bca9df89adda8fb6b68616748ecdad5db2eab34f4206e3a2eeb"
"0.1.16-beta" = "5df0cdc377cba3c77dcd238532c87f85931f1372efc5f5388d3321d6c54546e1"
"0.1.17-beta" = "b93aae2ff0228337ae3631080bcd309f836b7bab3c6a86cd54632aa0b5cb445b"
"0.1.18-beta" = "3a0a70a72b087da6c5b994f610f96ea09a2b9da04a0c8d86ed04e90a9fb9ef03"

[oribf]
"0.2.0-alpha" = "3bb6c4b3ea43379ebeb2f0b06af20c1a6d377a450cac0bac6674450989008622"
"0.3.0-alpha" = "8b82d365d3d9c3830282f9591596a237a4802fbee0b8024cc999aafbb419da96"
"0.3.2-alpha" = "0919356ac2b6914d47def5beb870d02f83163c122e26fbd277aa36905c319aeb"
"0.3.3-alpha" = "44d1d8779bf9f90a4fc506d487a3b04f422bd7d745a6834217a8397249f2b05e"

[osu]
"1.1.1-beta" = "928d4aee987a62b3f69db156e04ded92800002f87b9f9b27dbff5cca1a6a2e62"
"1.2.0-beta" = "26710280b84a9b22bbbba6984d5ebdcc074bdffe1a193af35d403d1e3163a9db"
"1.2.4" = "e031be3651ef2e7af1c392cb895a01706bead0b21e03efa7814b3721ba980f72"
"1.3.0-beta" = "19c0ac00179e4d266d278a0a985d5d08175f5daba3f69c8f02a4fe186ebeb343"

[outer_wilds]
"0.3.6" = "fe4ddd06e41620ea22c478986f4b3e3b79d105543f89f0bde8267b7afae7a161"
"0.3.9" = "f4bfa8912de10ede9cdc9dcb7443a494b979785eeac4afa075bfcd092d1f9af7"
"0.3.11" = "54a04a6de2a83d980acf0486c85a395488c023076b0ffb18a8bf6b250c79addc"
"0.3.12" = "0439a81f199d3faf933580d3a7523a62dbb99d52a61209ef8e2f11144257ebb7"
"0.3.13" = "ef872c467ea862578f5588238298e2ad1f660e1d7490795f046813df731ce09c"
"0.3.14" = "7f77b2d4fbd8b398f036234815430cfca575723186794145b96084a712225879"
"0.3.15" = "db5b811ed7eafe92ba449de96546f9ceb405ecc9bbbacc7431344d178c993a65"
"0.3.16" = "d20fb662ffdc7224962b054b3bfb002e3d0bc09f89716dc63e881cfd5647ed63"
"0.3.17" = "cc8c20967dc7f4ca6d2c11dfac511d8781872c14a4e1709154e02729b12494cf"
"0.3.18" = "76aa416cdefdf90f421adcde35820b196d9d3d0ffd6f642cbb12e8bf1e976f97"

[paint]
"0.2.0" = "6652404e2dc9e618f769f43947eeb1d483f6937af18922cb15b3b522f357f7ce"
"0.3.0" = "d71948175d04dff8964ea70f1cfedb47bfe003f8643b425d17c9861b75088249"
"0.5.0" = "b21d6179d50e4db6ee1d0f287826fbe60eb238b9aaf24b504dee6afa63ddca0c"
"0.5.1" = "f7218274cf2a290c4cfc30e41dfb8676e684a3e3089beba6f5174dbcf2e3591f"
"0.5.2" = "5305355b6341bb910f766f6df674fc95ee3268110748c25cb34d39a6bb908c3a"

[papermario]
"0.4.1" = "199714d1623a161ff5b7b1b9c74e6ce682c599eef4861c01610b9a765accedb1"
"0.4.2" = "8356a4e60060767aff479feedfea5ee1e2ca5e9cfb75b6aa759a0a86959d1dfe"
"0.4.4" = "c0fd139a1d11b170997d011695bd009f71b6cd9403b83b2ffdeeee8283fc5432"
"0.5.0+hotfix1" = "c4745513c65a1fc4a8c9847948a476906ac1b458cd9db2a1c13d158b4e16ecec"
"0.6.2" = "3638bf8cc8e8ce0f4962081325babff11ad6e7248ceb2043f24e4495fb1502fd"
"0.6.3" = "51ff1653e4abf49bebebb44bf63197360fe78d23ed2a2130d29cbdd23e9db5f3"
"0.6.4" = "100e688358d9e07e75b4a267b81c6bf23ef77a15ba2a4c38e8448c06e7d93ea4"

[peaks_of_yore]
"1.6.0" = "87e53060a41a5d1eb24a8507e40252a0622bd19b321d21268d8c5bb6ad2919ff"

[pizza_tower]
"1.0.0" = "387f7930d06e06f53f3fb7ed30211813a83c50b84b1a0ba37798eed14a096b91"
"1.0.1" = "d6fbff7c45a5667a0987838049c30f1162a2e1ee123b36845f3cf1417163267c"

[pmd_eos]
"0.2.2" = "0c11bb2b25343f50dc3c370d8219a7b4bc2a647b0f6dee828dd41244c4592dd2"
"0.2.3" = "493e4192d148ac9adc9d476ca3ede54cc566a66ac816ccc0421b2c498639db56"
"0.3.0-rc8" = "59bb6b83244ce1c7868f3c03561e4c1127453931f2ddca1efdda0fee1e5f672e"
"0.3.0" = "e88dc734c0bd046c1b8fe7c5e351edeed029c0f2ed677f18446100b5730e0f98"

[pokemon_crystal]
"2.1.2" = "a5d6ff201eb9f49b45d281eb0261518043d9228fb06f50e8ed6838d97f74fe5c"
"3.0.0" = "75a23add7187744020bd2dd9cccc6b6c22db0c6b1fdda839711779297bacc8a4"
"3.0.1" = "fc9388d7ab0d27b04f2040fd7351242dc9bd6d0da80a8faf8a34395521d293c3"
"3.1.0" = "5b89fb112969ab1315d383dfa0e86af146d585e54a7a7247c1f75b2c25f70ce9"
"3.1.2" = "3b2dd91d497f9923430da162d6722c05d5f6af0c566558568b9d1dd654ea55af"
"3.1.3" = "8cbb5dac5c7d231743763ac6829ea6c267d0d7382c39f1ea76b41472251438c7"
"3.2.0" = "294a87a3ee1b6472f9ac9ef3b0b4f87675366034aa9f2a1fce9269e804e2b7bb"
"3.2.1" = "c2575d2cfcbd65a18847c67e632a68b44a2d17bf88988258b6f3787619a9e3ec"
"3.2.2" = "8251bf99b29e395659e10e39beaf5f54b70c157fef90aecac8c215ca5b7e03e3"
"3.2.3" = "2b897ec82a6c99e7e4ce8f08b1fd4bfef4d224779b8db9816229029f10b52968"
"3.2.4" = "b6bae45cdb69b1c9c657da778b7903df7064ac9ecf861bedadcc19b3194b9d09"
"4.0.0" = "d8999203d182d22673f4175d5f668d5209152d4ea6663c015039d3a55ae4631e"
"4.0.1" = "8b43fc029db89c5a1db94631231e0894ebbc9db187991c9f9aefd77c1f287c7c"
"4.0.2" = "f4db0c885c3d0070d686278f90bababf45e91b737d97c32f4ee888d4829629a9"
"4.0.3" = "03f25cf1dcd7bb0cc3594e00bc33eb77a2dbbf90f7cf1390079fa0fb969ac8e1"
"4.0.5" = "51e738b09d797b4a6db13565ba64a354d4b3ff991e74fe70e20740f46a02c38d"
"4.0.6" = "30c2c76f711b1448ae1ba325dc310fa7a17bf2f68a6dbdfc0a70921be832427b"
"4.0.7" = "69322469afe7a3185f679785008667f157a9accc0cda604702249b8eda539b50"
"4.0.8" = "a274db44e87a9be2dbc608a9a656ed9912d4e8f4cad1a1a29e883ca89e649214"
"4.0.9" = "2a8da84f1eacad758c69a7fbd1facf7a0ca4813927d64d2ce39dd8e2fa134c8b"

[pokemon_frlg]
"0.8.1" = "dbaf25e2693ac7f8ea1c32cde714a00889eb5dd3ad9c9a2fdddab25311b1890f"
"0.8.2" = "3aef2321db2d19f68529bb0c8303844c21a3f03723007af6e4d4892d18086b2d"
"0.8.3-hotfix" = "baae0357ffcbad47452121aea7806b587777f0371eaa7ce32c75048ee675a8b3"
"0.8.4-hotfix2" = "44a8973fc245490f3fe0c28406949be4ec18735c8a72b27ac9864eed15dad09a"
"0.8.5" = "4588ce383f78ba9fc329e6df33f3ab3e24ca1e750d2797737d25a6172b32ca09"
"0.8.6-hotfix1" = "03a760a91de80c57b19b552151c8cfdee92fb32aa7691a5a1e7821726b463677"
"0.8.7" = "4a5eef049d692ec9312bff6a3c82f338a0720046c5b9a09fabd79d27705cbe40"
"0.9.1" = "c2208f0775d4cb18ca267dd68f9131961eadb7f9ab65bcc1521a86e32b35f6c5"
"0.9.2" = "a421e4a27e39b7f8c458562d7943e49a2a2b9d379e72bd276a4cbe27ca3e20d5"
"0.9.3" = "36d1f549a066024c9769d9d336019d08da9d83d7789fc964052e862cf29a5566"
"0.9.4" = "49b55ef3ef1ac0accbcd2cdd69011a61d13734a6ea50351ff2e8d20f371c74f4"

[powerwashsimulator]
"0.1.0+hf3" = "4b70b32548c362b036a9f0eeb706c7e2d61666a72afd012b33552358dc4b207c"
"0.3.2" = "d82c871fb32bf88389d4fe8e3f8a6174315326f6c0e3e380d54e6ffdd02447dc"
"0.5.1" = "37048a9d414852bce90311aef8fd2b9216840b7ac5db0a3f4e0da6a20989609e"
"0.5.2" = "2a33792eb9ceec5bde67dee292b41c741f9efd6b68fc7884836c93bc49fe833d"
"0.5.3" = "f9f1f4acf4c52aee0a38e9cffdf8ff1212fb41b94979a1bd767d20f031d0a0aa"

[pseudoregalia]
"0.7.3" = "88bea1680974aa4f7f2b384190c56647dd30140b58a615a5158de1eff2707248"
"0.7.4" = "4b89e1df77ea4ed5a4597bc67677215e989d28cd7df1d81bc6130812308cc24f"
"0.8.1" = "4729a16934e61b728f3caa0e83b1e5975d115046fbcdb5786bd28997d365484f"
"0.9.0" = "6f20cacfc3b39a7207c1b01ca6d34c0a327e88f97eb995537672a3f2c7c67cc7"

[psychonauts]
"0.7.0" = "4e4a129f54fd915f3aeb32ac37efb22b0d0500cb9789cdcbd318c84d68f72259"

[rac2]
"0.4.2" = "a2c450770323d36b64982165342ec5c8ad7b95feb3e5765b6ca0118ee4429255"
"0.5.0" = "6e3342e3b40b679e274f88e7abdfcb0e17b2049bec78e74c674143aaf3a562c1"
"0.5.1" = "e4cd6278a4e6fce8efed60a773d6b7e83eaf51ea1539e2b276f1c7e6649b36b9"
"0.6.1" = "0aabad3f22fa49f8cec7db04228195ff16972963b92380acc9a346ca9d6a4c0d"
"0.6.2" = "523ce251e6a5376277ac4b9f740b2c6cb713682a90861d058d4168f9091c1694"
"0.6.3" = "823eea01fbf54c8ae50eabb0515b3d6035cd690e3f2420d443a2c31457784022"

[rain_world]
"1.3.1" = "8e9710b550df9556fc2ce07bb94d46126476d4323240dd71aed41f0191ece28c"

[residentevil2remake]
"0.2.5" = "31afd823f975decdab8c5f51edc1c06039c9cdd218d91765357c2b2a19a7b1e0"
"0.2.6" = "5d42ce186e8a591f2e5d97ff116099fa4dcfec0147a91c6191bc0ac8a9f9e9bc"

[reventure]
"0.14.2" = "aae5522162c0a24b90b3814ff7cc4055b5dc8f1873aaa97566d0201a6ae5ad02"
"0.18.2" = "823fbdbccf8ef8c5aa60f1c418d855f50f2dcf4010425f2174ed2772716e9b0e"

[riftwizard]
"1.3.1" = "45b1322fd6f683bace17391d2a4d32479de88b830f9716d5137812514ac198d3"

[ror1]
"0.4.6" = "0a96f6efb7c3417e3303e240b4e41f4cfeaa697ec400125b031ad6c227f023ca"
"0.5.1" = "0a96f6efb7c3417e3303e240b4e41f4cfeaa697ec400125b031ad6c227f023ca"

[rotn]
"0.2.0" = "13d37ba93b971cdf8d47f7673725577e6640408c9a7cef6b420d564c5258e402"
"0.3.2" = "936449357910cbd6e3ad8498190e8eeb3c416d8ce0845f56dbb5dd79491e7ea1"

[rusted_moss]
"0.1.5-alpha" = "3faa2522bd7400d04b149dda7388fadb8b257d8d0adde6ab9d5cf3d4e49d331c"
"0.1.6-alpha" = "10906919a9bd626ee735a9e27f01546870b0558c9021632090e580a831a4102b"

[sadx]
"0.8.7-b" = "b82df80c13c3a4ae450cfe82b70759695ec1939526b849f39ccf05af1e7993ff"
"0.8.8" = "a753cb6bb8cf7c5f1356eae632aae2df20adce3502752f8bcee8a7c237c7ab90"
"1.0.0" = "9350918d11a2af548127716319cb5a5632ada88ee4db5a70ea877a0e13b39187"
"1.0.1" = "51fbf5ec8e3060b7774c39e81058371c4b4258280493abd143f708238e2e24b1"
"1.1.0" = "8f0d4afc4f41fa54d7887ede4e4af46ee0789ee260ec4aeffdd0497d7058faaa"
"1.1.1-b" = "19c11304e7daac2b8da7fb7a4b04a4c7c9a9c7b58bc909b2e03aa90c26d4ee14"
"1.1.2" = "ad2bdfa62f512957b4499514ec51d3172cf2379247e77dc5235aa4352f3ef42e"

[sgtpuzzles]
"0.1.1-prealpha" = "7c71eceed46df04701c5cd8ef91fc0a6f2b81a839aa5bd7e6b6f20a10a090a05"
"0.1.5-prealpha" = "ca3427aefc94cb1f033b04680bb85985a308596fcf135acc66a54417b6cfe786"
"0.1.7-prealpha" = "5df7ebe2ce74eb01157d8d675385bd3be1b13e8963fc3bcc5dc924d8337082e6"
"0.1.8-prealpha" = "3be9724ef626eff9ca9ee2954a958141948c6eab167ec48f3e54a2ac3a2e3974"

[shadow_the_hedgehog]
"0.0.8" = "a5d9ce0a8db01d7bd1d0e47f45c65e60c10ce96390de87fd1eba06fb506c96cd"
"0.0.9" = "eab3120e25d8d542ae9a75737f95e5928b291f9b69a7e7a0c0db8612ae2ee603"

[shapez]
"0.5.3" = "57bf81347b63b3543fa2c86381f2d11130c649c657396c1a9c83291fd49e7e3e"
"0.5.13" = "727193bb0e51f656a3fcaa667f29256e596253ee6ddc4daa5958a9141a577646"
"0.6.2" = "e15aab19cad75359f0967ddb378fae6e0ec03ae099fc159b8d3f88732a41174d"
"0.6.3" = "642f393f321c4111e6534aedca718ef409b80193c71617cc92e9557eb395ab9c"

[simpsonshitnrun]
"0.1.6-alpha" = "483a9f619496313616b9fe7ab20e8bbda69f1df7bff042f93542fd000f79ac48"

[sims4]
"1.5.0" = "e482c438a90fe4d55f8bb0501a856a6d03067f01a4a012f861deee2dd9a2e1c8"
"1.5.1" = "7d01350c1e5acacabc577b4ef96f026090ab0af1b6dcdf36c0f73bab20383e37"
"1.5.2" = "883a11b2c13a5a04131e97bba0939ecf78848078b8ed645365b7410b64ba278f"
"1.6.0" = "3be0ee5a922264249f3d0d40a702c57ca0e6266ec244422ff7a00aa05ac5f2f0"

[sly1]
"0.1.5-alpha" = "c21b0c079845abe60b2e681f8d26b72c43ee1fcce58e0460e38b04aa38af433b"
"0.2.2-alpha" = "da0e67c4cbdc91a43033f0e54084fe5ea591b17812ec6d5a5aa3f2b054a2d2a4"
"0.2.4-alpha" = "bf9dbf2f91a7dcfaefc98a6da8128f03ef781f9f1a5908e77a3885ef880d368e"

[sonic_heroes]
"1.0.2" = "b732b7c4d4bb7a02d2092f375db70a87803f6200cebf5c9069add722516bceba"
"1.1.0" = "85184e8ac6fd71af3ee6f51465896c64d53e4593c93665bacbb53f674b59b5dd"
"1.1.3" = "a3db039c1177a43b74c3228206c136bfe044c2107f8a50379fc00664c311f33d"
"1.1.5" = "2143c93181fac8e2a72e4109006fea36801aeb057b85a79ba157f20253e952a3"
"1.1.7" = "dd88483bf32f1971a1d5934ee2db7e206dd4e4dadc4fbb5bd953297f586bac1d"
"1.1.8" = "bb1e10ce90eb245abc57befe131c68b18eea0e1849c03660ff356f149f8291f2"
"1.1.9" = "20f9ee6bc6d300a288868aa6d752ea4db2e7ada4fffeeb17da428bf6c7096f25"
"1.3.0" = "209c9f39af077957304c6d4bca806917fb119272aa8c4524be7c21531f7b31ab"
"1.4.0" = "33d0baaa0e90971e0fa6e65e4ad4257e2d9b56c6646e1d8775ba6ce2fd4be4ba"
"1.5.0" = "4b3af78267914c38c1ba8c9ff443fcb613bbd89111dd051494cb04ee293024d2"

[sonicriders]
"0.1.2" = "372293063cf887c4f10e57aaf22427b79a19b6e4e7c1bb927a1ec5b561fef680"
"0.2.1" = "cd9cb5ad00f0afe8e4e4c73ffcb1303622052ccac342bf0ad94f6df3e6776ac1"
"0.2.2" = "3f7491527ce282c04beec13f11249deec18470146072469628ea1b7d8f4aca9f"

[sotn]
"0.75.3-beta" = "8e76568b3a11d4d0c898392fef7e0a6157ae8dedba1418ac09e5590c5b76ebff"

[soulblazer]
"0.4.1" = "74f1f96b3ac916f873e0ceef8258d22b6117da4940d305dbd7e1279904dc4b4e"
"0.4.2" = "ba6bd4aa02bc7b611777182420f6987e118b7572abe03596112868a33bf69fa4"

[spelunker]
"0.0.1" = "c2c49d59d418b5d92d228acec5083ad7b52489029a810d25b2ae9571637b845a"

[spelunky2]
"0.1.0" = "a58d40059265e050c46ea8ba09b73f2f9c2061dd0952c6c74df9f693be1c57e6"
"0.1.1" = "bc4cc7fd19d4b94b7e463cfe728c423f6d5f2fa63ee9ba30775a15da45e25e0f"

[spinball]
"0.0.1" = "fab2b899fb2e87241f8b629dad54718c28d20dcf88b73e4cc8ff63b814590de6"

[spire]
"2.0.2" = "2ff78a4a561979e43b3a27a3d9b3489980fc56f8bea3f8f62d6f8d5cbed7acde"
"2.1.2" = "d9fd9bd9b4aef88692a2eddd32fc5764b7936688e2a736435d612437d523d84f"

[spyro3]
"0.2.3" = "05aeb14ba48a805f4b77d6ec6d78b3ddab5ef4398e1304296f43a006180cbd48"
"0.3.0" = "6da852a958a1fcc76040f7959993dfe9bd53b36991fa1e0015b5a7ef4ff251cf"

[star_fox_64]
"0.4.1" = "6afffee141a3c4e9c1656de90c57af3c2ee926591cb24c6fa858168f5ad8e51c"

[superjunkoid]
"0.1.10" = "7e747eac28bac6911db0b440f346eb27ffa59a8813f6fee7d9db413da7baee76"

[swr]
"0.6.2" = "48597160b3d9a6d55190f90edf07ccd501610fa4b294e83ffde2bfcf54157530"
"0.7.0-preview" = "dcd28d81ca4ff79adab2895fdb5c1d1a2c2746cb2e53bf6ce3553bb3dce63af9"
"0.7.0" = "85d910774183bd59cc1e94e11a3efe60e60affe195400d90499c664d2b005597"

[tboir]
"0.0.11" = "17c0be7f400b6842cd8843350930c362b6048ea6a7e41e32a939d250577677df"

[tcg_card_shop_simulator]
"0.1.1" = "d610751dd5cc4ce26709ba4958dffbfdccd0f49a4af7891f0752827acafd148c"

[terraria]
"1.4.4-rc1+calamity" = "5865a3c927f42b966074f40159a4704e3e25ae75320a22e9bea974ed428244f4"

[tevi]
"0.5.5" = "3c25be9908256853801907b22dc26e68cb424f62a625cf673abbb3f9df80d50e"

[th06]
"1.1.2" = "9cbe77efbd8b10b6bd08f86d580032453a9a8bcda0e81eab60169b73ab6916f3"
"1.2.0" = "001cb9663f2936ae414babb90d5d7fce0fd44d81f78b8adc68a02813e91d1097"
"1.3.2" = "12a57542b2e9564e624d60da0261fdd8301b54531403bd7de6c5825ba23f8975"

[th07]
"1.1.2" = "62b5d0cec8d047c34bdf20593b3acd677ce3a3c616e9b363c62a5154ce015362"

[tje]
"0.1.4-a" = "756bcbc69a8ee1d484d852d71d1632cae08f6a7b84b4e784a272b3a0ba0e2c65"
"0.2.4-c" = "c2a78f136eeb650673f0093dc470761446e46f1ec096a310c7a2a9df362f2ee9"
"0.3.1" = "ae2b0548223a0f7eb7588fd81e936710a8f40ae88b7b27d7ddcca07c69ddcf2b"
"0.3.2" = "95845058c6f2ba268c1744cc61741c5a4bb8ff6d5ebc00c454693c37e0ea8a08"

[tloz_ooa]
"0.4.3" = "8b854b702a9edfd5c7d6c224f40232e385e56af5e11b573bda229b4a893bcae3"

[tloz_oos]
"10.2.0" = "e964f46cb6ad32c5b0e15503292ef1f783091e96a79c0b5f035b23e2f1efe4ee"

[tmc]
"0.0.9-hotfix-1" = "c765e552981a3607de68585b2a0bab677d43a65e2c05f3b73669931d19b82482"
"0.0.9" = "2dee24e3db45acd594f89d93c25c532ce962c2c0b69c191d8f417018dcf9379b"
"0.0.10" = "107658b92be6b2851190a81187787d857bc4fa85b400a3f0172fe5b5a047dc27"
"0.1.0-rc2" = "c740e6ee829f5ef5bf2715e5d2c56145a0bb2003bb282b04bd2bdfb58c7fdc7f"
"0.1.0" = "15091462c58352be3831d3afc50602cb5fce605c152b32e5f15d7cd78d22bb33"

[trackmania]
"1.2.0" = "031e8ea967c84284f62822834899f12678cf0b26e1eff43e851590de664ade76"

[ttyd]
"0.4.0-HOTFIX" = "d4401d95f8d1cb8841ce7372880f9e35667acb8ae693ca109657fbada5fd2c83"

[tunic]
"4.0.3" = "e8b6581aaa0e7228b46c73a86f344ff9801c9741f0f5b8203a415aa92006a0b4"
"4.1.1" = "134d3047e8c9e44ccacbe030f8f2d8b751566b2bb58c126b2ac206f01e629826"
"4.2.3" = "2d37e58cd570f343d877a5dae0d86da9487e3918f1db411d2da1cf17bd2993f0"
"4.2.6" = "13aca596601896a700929abef22f32762ffc4302c9752b7b8fa50876e5d6d334"

[ty_the_tasmanian_tiger]
"1.1.2" = "731b788abd11480def659c2ab433ebea0abf233460290c374005b5a8494b2257"
"1.1.4" = "2fef18f47c1a8bbee838f0ccf6c27115ee85f9ec2105f00bfcefb9da9c5aefbe"
"1.1.7" = "4871062b95199e31d2e5133095b54b7d8296a653e87de56cb6f2c04accb8b0d4"
"1.2.1" = "64daf8d471cd6d39f81ea4bcdb28f7e98f9af269a31055d57aacbd75517074df"
"1.2.3" = "e9a5c68b183575e4bf98187123e65aec4b217d4ee8768defef7e739cdbb46b8a"
"1.3.1" = "22eee70dc36340dbb2d72f284e25b992f790fe117a75f5034647bb1568abbcca"

[tyrian]
"0.80.2" = "2a1c9c9326bccfe04d4f92e58d6bfd3edee232afc249be1919bdb6adc1f659b6"
"1.0.1" = "8a2015d005b9c521c6b291e395ad929ae120dc12556ad08de67b492724e7b1a6"

[ultrakill]
"3.1.1" = "e784f8f0f9e45c17f740107a2b5da6ad6140d6425dc4e13414aeea34f9fbe620"
"3.1.3" = "403c368184aa1607aa6b634cd66df620de05b910e3732d6f2da06f652b5cf6b2"
"3.1.5" = "22ea26086848a74fd4a58561b0c6d8ef810bbcc40ad5e909d32bcdcfa5f6cc1c"
"3.2.3" = "13df5b0d14c9aeb77f98c7d8b73693488c53db4e5bdd428cccf540b618726fa6"
"3.2.4" = "b68615948a0bca4c4830d1bc37a366774d3b9da3e6918ad1b2f68a8b550aefdc"

[undertale]
"2.0.0+beta" = "95d2328fb8ef7de165c5cd1fea63a4d45ba069d143ffa42a8f6f5cbcc0bbb421"
"2.0.0+beta2" = "43ef9f80c49269c50612ebb78859bd6bda9d31fdcfb0c2465b869e701f806c11"

[voidstranger]
"0.8.0" = "77a8c8cea33113762ae6e5f5cc53b9b610ccfddf5830977a510cbc3f135f626c"
"0.8.4-hotfix1" = "f3ac4cdd07e7ffd95e45a608999e37188712567b404c974001484c950f9204e0"

[wl]
"1.2.5" = "1e1a3de27fdff19e390f0fda5ea968a4802737dc77a881147888556ae3f183d0"
"1.2.6" = "673a82e93c392fde5fe74e9725d6783b119f601ce2935952c3f1342b03d7c88d"

[wl4]
"3.0.0" = "eee586502d0505663e8ef7c66a90a682879fd32bec774bc77d9ba10ec57f5507"
"3.1.0" = "d2792a4ad0e042517e35a13efdef9e57a2457e76742e145602a06d47bc1b81e8"
"3.1.1" = "c2edc310c9a13460fb088fff5d69607c7db4787c1b4b903f4f5beee3fedee485"

[wordipelago]
"0.8.4" = "f5993bf58d0c0749887cdffe4b5a0c429b8f15afad191a716653b1249ca5b5e2"
"0.8.5" = "a31a7efcd4f4af164be8446c78eb1e55a718dc67ddc1f10a9c581e66fcf9bb4e"
"0.8.6" = "8dec878f139b929bb94fdbf90b77d7d08a3eda39f0f046ac0ee91b11f9578415"
"1.0.0" = "e0c22c754c9bdbc932f36de97a47a36c7c77307c5099586ed4142e8303b844bc"

[x2wotc]
"0.7.5-alpha" = "44499d9a20e2b7acd46148f8f8a2e31530c66f0febb4c4fd4dbbcc84b9f2676f"
"0.9.1-beta" = "d0f24f18ccb75c6df403ecf514b67c12fba6eb3cd61afa609dcafb9722b5d9c4"

[yachtdice]
"2.2.2-testing" = "46802b787e9dafa6d9226577e91ebd57d387581838eee35938947ad7381c516c"
"2.2.3" = "dba4370b02de12e1f557543761bb9de5e97e38d37a3f3e03d0ab2d83cc05e58f"

[yoku]
"0.0.2" = "7ff72ad37100c2da6001a9829d25d03e12d37d2d281b609738735e9b11982298"
"0.0.3" = "367d445cba389ffb6e47846dd6246a9db2e2354bace2b9d55a0a88dd6e7294ec"

[yugioh06]
"2.4.0-beta" = "3ad94f593581e62c6b6dd8d37338065f0fc6f11a0070e1245ddceb323553749e"

[zelda2]
"1.0.0" = "1a9f5c72ef3ed01c8b8a58954f7bdcf643e483d67e76e6132a6a241e067b744a"
"1.1.0" = "3a26e035059e42e3d1e4c7a1935d642abfc0be99c71a2f17a5ab5b4d761a18b8"

[zork_grand_inquisitor]
"2.0.4" = "04306dcca0df1e359cf1b9233d682b9abd1f2b22f906f1ea2be46e3bed95de26"
"2.0.5" = "05fbf1ddf69d8f1f6f8427aa8beb582d02aa7ab9a4c1b0314772a73db6b99569"
